{
  "version": 4,
  "terraform_version": "1.1.7",
  "serial": 104,
  "lineage": "75873971-6f76-c215-3b47-2f01da6f384e",
  "outputs": {},
  "resources": [
    {
      "mode": "managed",
      "type": "azurerm_resource_group",
      "name": "resourcegroup",
      "provider": "provider[\"registry.terraform.io/hashicorp/azurerm\"]",
      "instances": [
        {
          "schema_version": 0,
          "attributes": {
            "id": "/subscriptions/fd8dcb18-c31c-4552-849e-ad4c0c595e2a/resourceGroups/aks-resourcename",
            "location": "eastasia",
            "name": "aks-resourcename",
            "tags": {},
            "timeouts": null
          },
          "sensitive_attributes": [],
          "private": "eyJlMmJmYjczMC1lY2FhLTExZTYtOGY4OC0zNDM2M2JjN2M0YzAiOnsiY3JlYXRlIjo1NDAwMDAwMDAwMDAwLCJkZWxldGUiOjU0MDAwMDAwMDAwMDAsInJlYWQiOjMwMDAwMDAwMDAwMCwidXBkYXRlIjo1NDAwMDAwMDAwMDAwfX0="
        }
      ]
    },
    {
      "mode": "managed",
      "type": "azurerm_resource_group",
      "name": "resourcegroup2",
      "provider": "provider[\"registry.terraform.io/hashicorp/azurerm\"]",
      "instances": [
        {
          "schema_version": 0,
          "attributes": {
            "id": "/subscriptions/fd8dcb18-c31c-4552-849e-ad4c0c595e2a/resourceGroups/gitlab-jenkins-resourcename",
            "location": "japaneast",
            "name": "gitlab-jenkins-resourcename",
            "tags": {},
            "timeouts": null
          },
          "sensitive_attributes": [],
          "private": "eyJlMmJmYjczMC1lY2FhLTExZTYtOGY4OC0zNDM2M2JjN2M0YzAiOnsiY3JlYXRlIjo1NDAwMDAwMDAwMDAwLCJkZWxldGUiOjU0MDAwMDAwMDAwMDAsInJlYWQiOjMwMDAwMDAwMDAwMCwidXBkYXRlIjo1NDAwMDAwMDAwMDAwfX0="
        }
      ]
    },
    {
      "module": "module.aks",
      "mode": "managed",
      "type": "azurerm_container_registry",
      "name": "acr",
      "provider": "provider[\"registry.terraform.io/hashicorp/azurerm\"]",
      "instances": [
        {
          "schema_version": 2,
          "attributes": {
            "admin_enabled": true,
            "admin_password": "t29wut4EnLWQJiG4kfPbLJKXwSauBFP/",
            "admin_username": "assign3acr",
            "anonymous_pull_enabled": false,
            "data_endpoint_enabled": false,
            "encryption": [
              {
                "enabled": false,
                "identity_client_id": "",
                "key_vault_key_id": ""
              }
            ],
            "export_policy_enabled": true,
            "georeplication_locations": [],
            "georeplications": [],
            "id": "/subscriptions/fd8dcb18-c31c-4552-849e-ad4c0c595e2a/resourceGroups/aks-resourcename/providers/Microsoft.ContainerRegistry/registries/assign3acr",
            "identity": [],
            "location": "eastasia",
            "login_server": "assign3acr.azurecr.io",
            "name": "assign3acr",
            "network_rule_bypass_option": "AzureServices",
            "network_rule_set": [],
            "public_network_access_enabled": true,
            "quarantine_policy_enabled": false,
            "resource_group_name": "aks-resourcename",
            "retention_policy": [
              {
                "days": 7,
                "enabled": false
              }
            ],
            "sku": "Standard",
            "storage_account_id": "",
            "tags": {},
            "timeouts": null,
            "trust_policy": [
              {
                "enabled": false
              }
            ],
            "zone_redundancy_enabled": false
          },
          "sensitive_attributes": [],
          "private": "eyJlMmJmYjczMC1lY2FhLTExZTYtOGY4OC0zNDM2M2JjN2M0YzAiOnsiY3JlYXRlIjoxODAwMDAwMDAwMDAwLCJkZWxldGUiOjE4MDAwMDAwMDAwMDAsInJlYWQiOjMwMDAwMDAwMDAwMCwidXBkYXRlIjoxODAwMDAwMDAwMDAwfSwic2NoZW1hX3ZlcnNpb24iOiIyIn0=",
          "dependencies": [
            "azurerm_resource_group.resourcegroup"
          ]
        }
      ]
    },
    {
      "module": "module.aks",
      "mode": "managed",
      "type": "azurerm_kubernetes_cluster",
      "name": "aks",
      "provider": "provider[\"registry.terraform.io/hashicorp/azurerm\"]",
      "instances": [
        {
          "schema_version": 2,
          "attributes": {
            "aci_connector_linux": [],
            "addon_profile": [],
            "api_server_authorized_ip_ranges": [],
            "auto_scaler_profile": [],
            "automatic_channel_upgrade": "",
            "azure_active_directory_role_based_access_control": [],
            "azure_policy_enabled": false,
            "default_node_pool": [
              {
                "availability_zones": [],
                "enable_auto_scaling": false,
                "enable_host_encryption": false,
                "enable_node_public_ip": false,
                "fips_enabled": false,
                "kubelet_config": [],
                "kubelet_disk_type": "OS",
                "linux_os_config": [],
                "max_count": 0,
                "max_pods": 110,
                "min_count": 0,
                "name": "default",
                "node_count": 1,
                "node_labels": {},
                "node_public_ip_prefix_id": "",
                "node_taints": [],
                "only_critical_addons_enabled": false,
                "orchestrator_version": "1.21.9",
                "os_disk_size_gb": 128,
                "os_disk_type": "Managed",
                "os_sku": "Ubuntu",
                "pod_subnet_id": "",
                "proximity_placement_group_id": "",
                "tags": {},
                "type": "VirtualMachineScaleSets",
                "ultra_ssd_enabled": false,
                "upgrade_settings": [],
                "vm_size": "Standard_B2ms",
                "vnet_subnet_id": ""
              }
            ],
            "disk_encryption_set_id": "",
            "dns_prefix": "exampleaks1",
            "dns_prefix_private_cluster": "",
            "enable_pod_security_policy": false,
            "fqdn": "exampleaks1-51711785.hcp.eastasia.azmk8s.io",
            "http_application_routing_enabled": false,
            "http_application_routing_zone_name": "",
            "http_proxy_config": [],
            "id": "/subscriptions/fd8dcb18-c31c-4552-849e-ad4c0c595e2a/resourceGroups/aks-resourcename/providers/Microsoft.ContainerService/managedClusters/assign3-aks",
            "identity": [
              {
                "principal_id": "c1b1705b-634d-42b9-9b79-cc0f83b62f11",
                "tenant_id": "7bbbced8-b31a-4a36-95bb-9f06bc9d72a6",
                "type": "SystemAssigned",
                "user_assigned_identity_id": ""
              }
            ],
            "ingress_application_gateway": [],
            "key_vault_secrets_provider": [],
            "kube_admin_config": [],
            "kube_admin_config_raw": "",
            "kube_config": [
              {
                "client_certificate": "LS0tLS1CRUdJTiBDRVJUSUZJQ0FURS0tLS0tCk1JSUZIVENDQXdXZ0F3SUJBZ0lRY2tKQ0svbjV3VlZyZXE3S3JhVk5JakFOQmdrcWhraUc5dzBCQVFzRkFEQU4KTVFzd0NRWURWUVFERXdKallUQWVGdzB5TWpBME1UUXhORFU1TXpaYUZ3MHlOREEwTVRReE5UQTVNelphTURBeApGekFWQmdOVkJBb1REbk41YzNSbGJUcHRZWE4wWlhKek1SVXdFd1lEVlFRREV3eHRZWE4wWlhKamJHbGxiblF3CmdnSWlNQTBHQ1NxR1NJYjNEUUVCQVFVQUE0SUNEd0F3Z2dJS0FvSUNBUUNxTVNyRHBDRE1VeWh4QThZOTVFMTMKLzVENUtBUURwRzl4L0t1ZW5pWTY2WUFHM3RoNTFLaXoxc3A0dDNGN3BFdkdOcHFSQk1ZM1dhRzAweFROTElVdwpXbmVlSjlKSzZrTG1ucFNkZlNuNGZhZ3NSeG4wMDF0MndYV0VkRnkzTG1IQnBBTGk1eVZNcXM0UnNWSzU2UEJwCm16UjV1NnJ6dE10RVJkVk8ySEV2d1FQTkJjVG1HZmp0SnVpRXNCUjJ6QWF0N1F0TGpmWTlqMTk1dmZpa2wrbk8KZzNhL3hCKzJwN1Y0cEl3K1FiNzFsSEJxSTlQbGttUjVKbzl2RlBUanZzdllTMHF3dVhYdVJyWVBJK1dudDZmSwpZaHF5ZUJZTmR3VTR1d2EzTWFIUVJ4ckZGSVZVdXhoRVA3amVTc1dNb1FCcGY4ZGVJOTB5T0IydmlydTcrc0RjCldkUHNCZTdXaDc1a3BQK05hb1BrRVhxazJpZCtvVUZuQzF5MlpWUXNGMm1pWFNONjBGa2dFTmhYZ3FXSmtkN1kKQ0tZL2kxZHNNVU84dVVvVzdtaEZ2b2ppRGZzSzlMaHBkVjVXVTRDN0NGdUhaRVplYVhpSjJsRjhOQm1teHlqQQpNeVRKUnZxY2VHeC91U2Z5OEwxZ3I0OWVhbHBSZmtjbmZtVkhCYk15WTN2Zjh6N2hXdTRiQms1eEVRRktrTGZNCmVNYW55dTlvcEdRd2JSTGpHMFNjSnloenJ0L2xEN1VkcFBRNnV2Uk1uTUNLL0Z4TTF0SUlmMFBTaWlkeXJrUlQKclRUWk9LSUdTekVXVzZLQ0ZKbkJiaXRlL1pnS2RKR2RvZ2RvcHdHWC9VSlJXQWNPOTlLbmM3SzNwWk41eDZXTQpnZ0NBY2RMVVFpZzJNMjd4UXBzZW5RSURBUUFCbzFZd1ZEQU9CZ05WSFE4QkFmOEVCQU1DQmFBd0V3WURWUjBsCkJBd3dDZ1lJS3dZQkJRVUhBd0l3REFZRFZSMFRBUUgvQkFJd0FEQWZCZ05WSFNNRUdEQVdnQlJOZlRjWEsxeFAKWUVvS05ZUFJMVDQzSVBGZ0hUQU5CZ2txaGtpRzl3MEJBUXNGQUFPQ0FnRUFsZmpvLzV1ZjVjOXBJaU9ZQkNtYwprQmh0SjYyeE4zZHhMNTBweERPdWI2Vzh5WVh3U3FTL0lWZXVheno0QldidTdnNDRNNDd0OWUzUGxDL1ZSZnI3CkxhMDVrOVlacnhqREc3VTQvdFJ1c1U2a3ltR21EdlljUExTVE9GdE5XMkNkRG8rRDNpTWRsQUJDcFdQYlpjYXQKRjBsYjdpN0pPQ1AvcmFCdnYvOEFWQ2h3SzBnZHhFZThCUUh0QWZwWXQ0RlYrenZYMDljSzNpUDZGUW90M2VxRQpHQkJoOUpGR215V3drT2R2Z2VNeS9zWldpOVhoRGZWUTV1bzRFb3Z1SnJPL0JrTFlkaXFhRGtLNmQ2T0VGRElYCkZTUnNoc0ZXQU5PekJrTU4wTEMvMHJZdkI2OVpWOXRHTHZPM05YYSticnZnNjhRb3liL0xzbFBIeEllZDBNdW0KOGRnTzlVbDN6OW9zRVFJWUg1RlRublkvazBXTlBVRUdvMW56Tlp3Y2JyOWNMLzRvYW9FVER5VXJqcnByRVR0aApuQ1NzTFUweWpIWS9QbHRkdXRRWDJYSVgyY3hQcGtJTnZaNDhBV3Z6Sm9jd1piNHVDRWlUeHN5eTRXWENHdExNCmRnYUFZSGFSWnRVWUI3ZGFNbjZZT0JpeTRpY0h5M1oyMmxYZkFmK2I4ZEM0U3hzbXJ2bFE1U2ZXSWdoSWcwU1gKSW5ZcEViRGMva29BanN4Z0NIS3NBOTF1OFRYd2MyNzBWZFNjMHhZVHBRSkhIT1VFelVwY2RCVXFEV2dyTjVHYgp2TmFEbWlndThRQWg3ZVFTMTJja0xlMGZuejU0S3hzVlNrRm05dzRDdTdrWnZmRE5CV25GY1VIRm5qeDl2Sk5JCjVjUUxLYzJmYno4czhKSG00WUNFeXhjPQotLS0tLUVORCBDRVJUSUZJQ0FURS0tLS0tCg==",
                "client_key": "LS0tLS1CRUdJTiBSU0EgUFJJVkFURSBLRVktLS0tLQpNSUlKS0FJQkFBS0NBZ0VBcWpFcXc2UWd6Rk1vY1FQR1BlUk5kLytRK1NnRUE2UnZjZnlybnA0bU91bUFCdDdZCmVkU29zOWJLZUxkeGU2Ukx4amFha1FUR04xbWh0Tk1VelN5Rk1GcDNuaWZTU3VwQzVwNlVuWDBwK0gyb0xFY1oKOU5OYmRzRjFoSFJjdHk1aHdhUUM0dWNsVEtyT0ViRlN1ZWp3YVpzMGVidXE4N1RMUkVYVlR0aHhMOEVEelFYRQo1aG40N1Nib2hMQVVkc3dHcmUwTFM0MzJQWTlmZWIzNHBKZnB6b04ydjhRZnRxZTFlS1NNUGtHKzlaUndhaVBUCjVaSmtlU2FQYnhUMDQ3N0wyRXRLc0xsMTdrYTJEeVBscDdlbnltSWFzbmdXRFhjRk9Mc0d0ekdoMEVjYXhSU0YKVkxzWVJEKzQza3JGaktFQWFYL0hYaVBkTWpnZHI0cTd1L3JBM0ZuVDdBWHUxb2UrWktUL2pXcUQ1QkY2cE5vbgpmcUZCWnd0Y3RtVlVMQmRwb2wwamV0QlpJQkRZVjRLbGlaSGUyQWltUDR0WGJERkR2TGxLRnU1b1JiNkk0ZzM3CkN2UzRhWFZlVmxPQXV3aGJoMlJHWG1sNGlkcFJmRFFacHNjb3dETWt5VWI2bkhoc2Y3a244dkM5WUsrUFhtcGEKVVg1SEozNWxSd1d6TW1ONzMvTSs0VnJ1R3daT2NSRUJTcEMzekhqR3A4cnZhS1JrTUcwUzR4dEVuQ2NvYzY3Zgo1USsxSGFUME9ycjBUSnpBaXZ4Y1ROYlNDSDlEMG9vbmNxNUVVNjAwMlRpaUJrc3hGbHVpZ2hTWndXNHJYdjJZCkNuU1JuYUlIYUtjQmwvMUNVVmdIRHZmU3AzT3l0NldUZWNlbGpJSUFnSEhTMUVJb05qTnU4VUtiSHAwQ0F3RUEKQVFLQ0FnQVkvMlBDbktiY25CSkNsMFZVN2VXYkRJU2t0QVh5NndJYmdmdExMdnQ2aDdWd1RPY0s3ZnRoZnRqNgpaaWRhKzhUTmRsTzVuVFBvQ1ZoQkVRZnJJdkRsSzBTS2pGck0raCtkZEFsc0lHZzd3V2trSjhWZU9uVWl1a09pCmt0elRZeEtrdUl4Yis0dDArVm1QSzdaMDdBdnoxd0ljSno1eTBVbFIyOWY2M3J1eFFlNW0vTVB3OER1cHlaODUKYmd0emI0QkRwNStURjJUbG9kdHFMRWNMRmUwWGtpT3RBd2VOY3BDckNiQTNyTHg1b2JYcFFSM3NpRllObldaUAo4SW9Qc1lTTFhuTzRCV1dXKy9mZHZXNEw5bVBFekNnVHNxTzZrcExIeEdDMkk2b2F4M2JkSDZoOXk0VkM4UUVjClZXc3l2cXNxMDhQYXhmWEZYSXl2cmZicEkybVVOcU9DdGpLMjQ5OEpYRHRhcVpaVSs2RGtyMCtFd2FyMEVnaXYKbCtCMkhRaFptWnRabHlPL1hqaEVEelhscmU0aEVuYWEwYy9TZXNVRlpYOTV3eWpvbGNid0FNREU2blYrRS8xdQptQU9SWkNJSHIwdW8rWWExb1R4Q2JrV2tsOG15b0JLdVMrZ1g0OHpMeEdUYzgrSkZoZVlRUDgzcGNydWNPSUpxClBnRmUrMFdUSHhDT3ViNkl5QkF5amw3TnNKUWN6VElzYXRkbG9oOXBWTXFOQkJaNmdxUURhMWpoS2xnZ2ZpMnoKYUc1VHYwaXRXMnhVQ0g0NGJEM25MWlVSY0lZK1pITVpHNmgvb3hrRVlzdFcvYzErZDlWY2tOTGtMTWExM3NCVgpIZTdRNnJ4OWFtQ24wd25kYWhWd2NCK2FZS3k3U2p1N29UY3N5aWg4SVJiZmJQWVNHUUtDQVFFQTBwbGNCa1o0CktuM3RlRE8zUWhaaWxMc0w4cy9Ub3J4b09HeVVGM2NNQkY1UUFsZ01vNWk0ZG1laGJXZkhLcmpicW1iQmtPa1cKMHFzdEZsWEhUckIwM2ZiN3YzRXpYUzNuS2UrQnFjckJ4bVR0bjJPd25jOFR1aWFWbkpNSnpSaHFXVi9yZ0k3cgpjOEVickllSmNmV3BuQ3ZMYWdWY2lKQms4RzZDeDVaNk5lanRiNWlwRW41TldFMm9zRXliU3VJbFRleEJ1WkJTCmZNS2k4VXNOTEh0TUlDRTBXV2pkZklEMDZ1VExqZy8zQ2pvbnprLzhuRWNkeEJud2IveW43Zk8xeEtLWFhpZUgKMDYvS29Ub3pheWZBNGRlSTdMc3VTMGVsN3Y0OUFtOWQ0TDh2enFPZk1taDlnVDI2b1NKc1NseGhuS2ZaNGk1UQpkR1BkQ0ZXczhtRGpZd0tDQVFFQXp1SE9qcGV4QVR4L0xEN08ySkJ2bmVOOTRNdDFqNFZ0aWEwZ0c4SU5YWDgwClRjcU1LUmxnZWc3SVNhSkRjZGd5U1V6TytYVGVOYlRvRTVZR3J6dEE0Q2czNkVuQ0JJUFlsTmpmNW80WTkyaEYKWUNtU3NNOU5LOTlHUStrTEpaNDd2YVo4UTNWUys0Q3crNGs5S3kvdHYvSXJ0aE5KdWZSR1RSdjZwT0pZTlJ5eQpkUlYvVmZkc0Q3MHBwVlpGcDhMa3gycWE2VGZ0TmpyM0R4Q2FqbmxhYkR2TCs3b0kwYXF5RzBqKy91UG5iWDV4CjlyMVhmbWZKb3BUY3ZtaTY5d0I5U1BhK1dYT212ZWtIVk8zNlJmZnM4RzhxTk5WSDAwSWhyaFYxOFBQcHdSaDcKZ29adUJpZUJjZUEwUFV6RHA4RXAzQkJzV01oNGZnQ2FwOXFtUFVDVi93S0NBUUVBbGJsRVRJM1RKdHFLZHRmRgpwTzJIUHBoUW9Wc1I2bk9xWU5zSTJqbmZ5RWRJK0xHaW9yaVVCRkllMlVwYnRjcmhHUitlNUNoaStubUtQNFBTCmcrWTk0QVNVN0lGTmRDU0xZU3dPOGlqZFpQQWlaQndhMThiK0RtMGFGc3dPdnNwcDZZcWhRcS9aUTExNkVFbjMKOUpZajlJektQR0Q5YlhYQzNaQ2oxOFBxdE9NWjB5b2tvYW83ME5pOVlrSEVjaE9mVSt2d3VqMlo5MnJsTDBrZApYNDkxQ3E2d3FoUTh5eVJmZTVRWUI3TGYvbHhrS25DQmRwVzAydE5hTmpQWksvb0ZNM3dvdzE2MVdWRjBiUFdVCjBzemJlM1NodXpSRWNHN0swTVBkbWhxVkVwQzZLMTMyYzM4SUkxZEFsUWlGRnNUZy9OLzBycklncnU3RW1RVlkKUktXUFl3S0NBUUFpcWZrM01UbUtVSDJxaHplWFY5UXI2Mk03R0R3eGVSVGFmYlNra2dZMVJVd1pRTGZ0WndBZwpVM3ZCd3J0MFJ0cGVKODJDUk0rNnhmNGcwZ0Y2dVAzczBUQlU3bzdndk1xOFhmNWVIaThXdlZUcWdPekFUV3ZMCnp4Ung2b2xnbXp1OVVqaitBSm1QNUlkRERrSytpc0JXYWhoaTRLWjR6dkk4bDFTTzdoSURqRFJtbzl4N0pnTG8KUERUUExENXRscDFJd0pjR1BzV3pVWHYxL1QwNFpDTC9nYUZ6SXorNUNkWGY5b0lyYVRwc3dVUU5LTHFSUm9pbApnalhlZmFQZUlTbmM0T01TRCt1L1pGMURJTURQbW5RTDhVUnNKOVJxRkdtYVJxUkZaRWtsZnBtclRDVUJTUHRLCmZsdWliY3RXdjJucElxTlUyUG8vZXBCdlVaYUxLdGczQW9JQkFCbDhUY2ZZZGtwbWVBK3ZUM2FNMDM1ekQwcHYKVUhjY2NpV1k2TzVHVmdzSUNmeGpWZjh3djBjZGdrSnliNUExRGdoQ2tUa2I5SGNOSGVFd0pzSHVraHBTazVaMApINGdzMDUrZlpaclFCbkRTQzVMakhITUV2aXFESVBVSlYrUkFqZUdhbWdpVStVUFliUy9WR280M2tyZVZqOHFZCm84Uy9LQXY1eGVlU1NWaHJ0eG1ZMVVab3k5SFNGWEJMakFmYUJqVXByTDVYMEx1KzdYeElNNHhYakc0cEtlcDAKVEtvOTc2MENmM2FXbllMK1pHUkxXalhMRjNFUGpuVkRDbzF1bVlXUVNIdm9odlBhQVZQbmJTY0phcitacnpVNApwdTA1Z2ZGVnJuT1pZMmJRRDhuQlhUZExFbnVydzNLd3R4SzB3WUhCRGk0akp0QTQrVlRnTGRScU5HVT0KLS0tLS1FTkQgUlNBIFBSSVZBVEUgS0VZLS0tLS0K",
                "cluster_ca_certificate": "LS0tLS1CRUdJTiBDRVJUSUZJQ0FURS0tLS0tCk1JSUU2RENDQXRDZ0F3SUJBZ0lRWm9qODNIZlhhOFQ5L1RGa2kzL054VEFOQmdrcWhraUc5dzBCQVFzRkFEQU4KTVFzd0NRWURWUVFERXdKallUQWdGdzB5TWpBME1UUXhORFU1TXpaYUdBOHlNRFV5TURReE5ERTFNRGt6TmxvdwpEVEVMTUFrR0ExVUVBeE1DWTJFd2dnSWlNQTBHQ1NxR1NJYjNEUUVCQVFVQUE0SUNEd0F3Z2dJS0FvSUNBUURvCnp4ZG5WZkdOVk1CcUM2NGMyZms5OEVnYk54eFFrdEhOVk95TW0yUzBuZGczY0hrK3BiME1vMStRc2lXVHNrZUQKMm02aWV1SHFoZ2c1dnczZlA4MXVSR3djSDV0d3BDdDZONkllcFlyVWsyVVZuYzc4T0tXbjFSVTVTejcrYzV6SgpyaWY5YjY0VENDTnlxMTZnZUJTTkxVY0F0SFlaU0dkNEh0VHdCMW0yazFxd0VlemNJZDVZTkRnYWI5dFpsSndCCkZhbzhpUURFQ3pseWRTanJlOXNqc2ZTZGxOZzhQUG0va2xwNmFKajh2K3pDOENYSDdsSGQ2d3Zmcnh2RjR4amkKNGtRWkpHMlRYcnltYjF6Vmt0Wjd0VXVkZ0YvOGg3aUxscVdXdEZuL2NFMlNVbVRxMVFhWEZNRXNRMnF0VGpMSworSUJmV3NheUlyWHNpR0dEWU1hdG92OXA3L29jZ2oxa2pyUFFzSS9YYTJjTHZDREdCbzEyWFIyZ2Uzakx4TzlVCjMycGRZc2RCWTFVc0xiUkFaTExBa1ZEYVhPTm1HRk9zODljZE51VHdrWWJQc28zUUpjVFVXQjNUdHd4YVpoRmEKc0NLOXY4R1I5d3NjK2hPWElGdm9hWFRqc0lBLysyUEVDTFBwSlJ3OXdFWlFxL2tjOXVJdk11aTB5YU93dmNkTAp1VGJJV2xYa0R2L05ROEwvWGwxdUJDT284MWMwVzhicWx4SXlvZXRoNFc5SVFYSDE3c1J1UUpEKzNJMHJ3aWw0CmRTckNoNktaUFN0YVZwdVVVVnNJNWRFbGJySVhvemQ4TjhsdmR6eEpyWXhnYmd5MkF3d1I0aEVuQW05WE92bVEKTWtPRmEyd0JhN3JYYmNWRzBLZTYxbGQwR3Y2WFVDZEllQ2haaHFQUWV3SURBUUFCbzBJd1FEQU9CZ05WSFE4QgpBZjhFQkFNQ0FxUXdEd1lEVlIwVEFRSC9CQVV3QXdFQi96QWRCZ05WSFE0RUZnUVVUWDAzRnl0Y1QyQktDaldECjBTMCtOeUR4WUIwd0RRWUpLb1pJaHZjTkFRRUxCUUFEZ2dJQkFPWEJBbWFSNHEzTWJDR3IxTHFXKzdON3E2TUcKblBQZ1oxSmpIdzA3ZVhPMTBZcXNEL1QyeWxQTUl0UE85alBxZTByNVRSSHJWTzcwTE10dkZYcXYyemM2N3ZDSwpFcUswL3hJOFQ2Ukdrc2k2Uy9ncVlpbmxDWEp4NVZNUFNRK2hWRkpIa2JmbERpc3ZhdXJNOVdGOGNNbkhtWlVJCktQTUp6emg0YnRxQ2ZoUVRtaG91UVRBVGFETUhoU0xBU0tnbXp1NlpwZ0xpcmFleFIwM0dReU53Vk1CTlVyaGsKdHBwMStTNHUrWUJtelo2YmxyZG5OTGhWV1A4U3c5eE9rUTNxbCtjR2FNWm8wUEZzMkU5NzcxM2tMTXVXUS9qNQpJZm8ydTRHV2lld2l1YkZuM2E1VHZjT0Q5aWE2eXZXL25mVzFxSzNIb3dDNGN2bGh0cmF1c0I1YlNTc3B3NWhMCml1ZHhudWo0ZXR4NERhVEtrT01jV3ZJY3EreWtYZUxWczZzRjNoNGRjQ01rU2cxTTVZSEZhem42NDZLc0xNTkYKVXdWd3g3WTJXWE1XT3BkaHVvcjBUUlB6bkU5ZFQ5REdYSEF5ODFESVRXNldrSlB6bjlhUFNqYUp5Ynh3djJsLwpQUmJPY25TU0JyQmRaVTYvS0dwRVZZZVdDNVE0QzFLSzZFU3p2OHBKZ0Z5NStKM0V1dk9pQjBYd1dUSXppc3lDCmVUZjFLSlhVS2s2c1MvUjdEMmFKNC9xYWVXZU1wRHIwTU5hS3pDbHRhYzN5b2FHSnEvQXJhM0l6Z2lINk9kMzQKSTFGa1luSktpNVc2QjFXVnl1c3FJQi9WU205L29VanpvQ2pKQkNFdGdIQ1J4NyszWTUrbmUzVG03Nm9USGQ4RgpNT3hPbnNWZjFCZEgya05XCi0tLS0tRU5EIENFUlRJRklDQVRFLS0tLS0K",
                "host": "https://exampleaks1-51711785.hcp.eastasia.azmk8s.io:443",
                "password": "408e854a5f69c3b247843f6457a783d4b8146e09c61bbe75f94a54f77fe5af9f339ece12a4977e29b7c3f9b815a4acb7ca913cd573135cc83f3ac8c8b90fec04",
                "username": "clusterUser_aks-resourcename_assign3-aks"
              }
            ],
            "kube_config_raw": "apiVersion: v1\nclusters:\n- cluster:\n    certificate-authority-data: LS0tLS1CRUdJTiBDRVJUSUZJQ0FURS0tLS0tCk1JSUU2RENDQXRDZ0F3SUJBZ0lRWm9qODNIZlhhOFQ5L1RGa2kzL054VEFOQmdrcWhraUc5dzBCQVFzRkFEQU4KTVFzd0NRWURWUVFERXdKallUQWdGdzB5TWpBME1UUXhORFU1TXpaYUdBOHlNRFV5TURReE5ERTFNRGt6TmxvdwpEVEVMTUFrR0ExVUVBeE1DWTJFd2dnSWlNQTBHQ1NxR1NJYjNEUUVCQVFVQUE0SUNEd0F3Z2dJS0FvSUNBUURvCnp4ZG5WZkdOVk1CcUM2NGMyZms5OEVnYk54eFFrdEhOVk95TW0yUzBuZGczY0hrK3BiME1vMStRc2lXVHNrZUQKMm02aWV1SHFoZ2c1dnczZlA4MXVSR3djSDV0d3BDdDZONkllcFlyVWsyVVZuYzc4T0tXbjFSVTVTejcrYzV6SgpyaWY5YjY0VENDTnlxMTZnZUJTTkxVY0F0SFlaU0dkNEh0VHdCMW0yazFxd0VlemNJZDVZTkRnYWI5dFpsSndCCkZhbzhpUURFQ3pseWRTanJlOXNqc2ZTZGxOZzhQUG0va2xwNmFKajh2K3pDOENYSDdsSGQ2d3Zmcnh2RjR4amkKNGtRWkpHMlRYcnltYjF6Vmt0Wjd0VXVkZ0YvOGg3aUxscVdXdEZuL2NFMlNVbVRxMVFhWEZNRXNRMnF0VGpMSworSUJmV3NheUlyWHNpR0dEWU1hdG92OXA3L29jZ2oxa2pyUFFzSS9YYTJjTHZDREdCbzEyWFIyZ2Uzakx4TzlVCjMycGRZc2RCWTFVc0xiUkFaTExBa1ZEYVhPTm1HRk9zODljZE51VHdrWWJQc28zUUpjVFVXQjNUdHd4YVpoRmEKc0NLOXY4R1I5d3NjK2hPWElGdm9hWFRqc0lBLysyUEVDTFBwSlJ3OXdFWlFxL2tjOXVJdk11aTB5YU93dmNkTAp1VGJJV2xYa0R2L05ROEwvWGwxdUJDT284MWMwVzhicWx4SXlvZXRoNFc5SVFYSDE3c1J1UUpEKzNJMHJ3aWw0CmRTckNoNktaUFN0YVZwdVVVVnNJNWRFbGJySVhvemQ4TjhsdmR6eEpyWXhnYmd5MkF3d1I0aEVuQW05WE92bVEKTWtPRmEyd0JhN3JYYmNWRzBLZTYxbGQwR3Y2WFVDZEllQ2haaHFQUWV3SURBUUFCbzBJd1FEQU9CZ05WSFE4QgpBZjhFQkFNQ0FxUXdEd1lEVlIwVEFRSC9CQVV3QXdFQi96QWRCZ05WSFE0RUZnUVVUWDAzRnl0Y1QyQktDaldECjBTMCtOeUR4WUIwd0RRWUpLb1pJaHZjTkFRRUxCUUFEZ2dJQkFPWEJBbWFSNHEzTWJDR3IxTHFXKzdON3E2TUcKblBQZ1oxSmpIdzA3ZVhPMTBZcXNEL1QyeWxQTUl0UE85alBxZTByNVRSSHJWTzcwTE10dkZYcXYyemM2N3ZDSwpFcUswL3hJOFQ2Ukdrc2k2Uy9ncVlpbmxDWEp4NVZNUFNRK2hWRkpIa2JmbERpc3ZhdXJNOVdGOGNNbkhtWlVJCktQTUp6emg0YnRxQ2ZoUVRtaG91UVRBVGFETUhoU0xBU0tnbXp1NlpwZ0xpcmFleFIwM0dReU53Vk1CTlVyaGsKdHBwMStTNHUrWUJtelo2YmxyZG5OTGhWV1A4U3c5eE9rUTNxbCtjR2FNWm8wUEZzMkU5NzcxM2tMTXVXUS9qNQpJZm8ydTRHV2lld2l1YkZuM2E1VHZjT0Q5aWE2eXZXL25mVzFxSzNIb3dDNGN2bGh0cmF1c0I1YlNTc3B3NWhMCml1ZHhudWo0ZXR4NERhVEtrT01jV3ZJY3EreWtYZUxWczZzRjNoNGRjQ01rU2cxTTVZSEZhem42NDZLc0xNTkYKVXdWd3g3WTJXWE1XT3BkaHVvcjBUUlB6bkU5ZFQ5REdYSEF5ODFESVRXNldrSlB6bjlhUFNqYUp5Ynh3djJsLwpQUmJPY25TU0JyQmRaVTYvS0dwRVZZZVdDNVE0QzFLSzZFU3p2OHBKZ0Z5NStKM0V1dk9pQjBYd1dUSXppc3lDCmVUZjFLSlhVS2s2c1MvUjdEMmFKNC9xYWVXZU1wRHIwTU5hS3pDbHRhYzN5b2FHSnEvQXJhM0l6Z2lINk9kMzQKSTFGa1luSktpNVc2QjFXVnl1c3FJQi9WU205L29VanpvQ2pKQkNFdGdIQ1J4NyszWTUrbmUzVG03Nm9USGQ4RgpNT3hPbnNWZjFCZEgya05XCi0tLS0tRU5EIENFUlRJRklDQVRFLS0tLS0K\n    server: https://exampleaks1-51711785.hcp.eastasia.azmk8s.io:443\n  name: assign3-aks\ncontexts:\n- context:\n    cluster: assign3-aks\n    user: clusterUser_aks-resourcename_assign3-aks\n  name: assign3-aks\ncurrent-context: assign3-aks\nkind: Config\npreferences: {}\nusers:\n- name: clusterUser_aks-resourcename_assign3-aks\n  user:\n    client-certificate-data: LS0tLS1CRUdJTiBDRVJUSUZJQ0FURS0tLS0tCk1JSUZIVENDQXdXZ0F3SUJBZ0lRY2tKQ0svbjV3VlZyZXE3S3JhVk5JakFOQmdrcWhraUc5dzBCQVFzRkFEQU4KTVFzd0NRWURWUVFERXdKallUQWVGdzB5TWpBME1UUXhORFU1TXpaYUZ3MHlOREEwTVRReE5UQTVNelphTURBeApGekFWQmdOVkJBb1REbk41YzNSbGJUcHRZWE4wWlhKek1SVXdFd1lEVlFRREV3eHRZWE4wWlhKamJHbGxiblF3CmdnSWlNQTBHQ1NxR1NJYjNEUUVCQVFVQUE0SUNEd0F3Z2dJS0FvSUNBUUNxTVNyRHBDRE1VeWh4QThZOTVFMTMKLzVENUtBUURwRzl4L0t1ZW5pWTY2WUFHM3RoNTFLaXoxc3A0dDNGN3BFdkdOcHFSQk1ZM1dhRzAweFROTElVdwpXbmVlSjlKSzZrTG1ucFNkZlNuNGZhZ3NSeG4wMDF0MndYV0VkRnkzTG1IQnBBTGk1eVZNcXM0UnNWSzU2UEJwCm16UjV1NnJ6dE10RVJkVk8ySEV2d1FQTkJjVG1HZmp0SnVpRXNCUjJ6QWF0N1F0TGpmWTlqMTk1dmZpa2wrbk8KZzNhL3hCKzJwN1Y0cEl3K1FiNzFsSEJxSTlQbGttUjVKbzl2RlBUanZzdllTMHF3dVhYdVJyWVBJK1dudDZmSwpZaHF5ZUJZTmR3VTR1d2EzTWFIUVJ4ckZGSVZVdXhoRVA3amVTc1dNb1FCcGY4ZGVJOTB5T0IydmlydTcrc0RjCldkUHNCZTdXaDc1a3BQK05hb1BrRVhxazJpZCtvVUZuQzF5MlpWUXNGMm1pWFNONjBGa2dFTmhYZ3FXSmtkN1kKQ0tZL2kxZHNNVU84dVVvVzdtaEZ2b2ppRGZzSzlMaHBkVjVXVTRDN0NGdUhaRVplYVhpSjJsRjhOQm1teHlqQQpNeVRKUnZxY2VHeC91U2Z5OEwxZ3I0OWVhbHBSZmtjbmZtVkhCYk15WTN2Zjh6N2hXdTRiQms1eEVRRktrTGZNCmVNYW55dTlvcEdRd2JSTGpHMFNjSnloenJ0L2xEN1VkcFBRNnV2Uk1uTUNLL0Z4TTF0SUlmMFBTaWlkeXJrUlQKclRUWk9LSUdTekVXVzZLQ0ZKbkJiaXRlL1pnS2RKR2RvZ2RvcHdHWC9VSlJXQWNPOTlLbmM3SzNwWk41eDZXTQpnZ0NBY2RMVVFpZzJNMjd4UXBzZW5RSURBUUFCbzFZd1ZEQU9CZ05WSFE4QkFmOEVCQU1DQmFBd0V3WURWUjBsCkJBd3dDZ1lJS3dZQkJRVUhBd0l3REFZRFZSMFRBUUgvQkFJd0FEQWZCZ05WSFNNRUdEQVdnQlJOZlRjWEsxeFAKWUVvS05ZUFJMVDQzSVBGZ0hUQU5CZ2txaGtpRzl3MEJBUXNGQUFPQ0FnRUFsZmpvLzV1ZjVjOXBJaU9ZQkNtYwprQmh0SjYyeE4zZHhMNTBweERPdWI2Vzh5WVh3U3FTL0lWZXVheno0QldidTdnNDRNNDd0OWUzUGxDL1ZSZnI3CkxhMDVrOVlacnhqREc3VTQvdFJ1c1U2a3ltR21EdlljUExTVE9GdE5XMkNkRG8rRDNpTWRsQUJDcFdQYlpjYXQKRjBsYjdpN0pPQ1AvcmFCdnYvOEFWQ2h3SzBnZHhFZThCUUh0QWZwWXQ0RlYrenZYMDljSzNpUDZGUW90M2VxRQpHQkJoOUpGR215V3drT2R2Z2VNeS9zWldpOVhoRGZWUTV1bzRFb3Z1SnJPL0JrTFlkaXFhRGtLNmQ2T0VGRElYCkZTUnNoc0ZXQU5PekJrTU4wTEMvMHJZdkI2OVpWOXRHTHZPM05YYSticnZnNjhRb3liL0xzbFBIeEllZDBNdW0KOGRnTzlVbDN6OW9zRVFJWUg1RlRublkvazBXTlBVRUdvMW56Tlp3Y2JyOWNMLzRvYW9FVER5VXJqcnByRVR0aApuQ1NzTFUweWpIWS9QbHRkdXRRWDJYSVgyY3hQcGtJTnZaNDhBV3Z6Sm9jd1piNHVDRWlUeHN5eTRXWENHdExNCmRnYUFZSGFSWnRVWUI3ZGFNbjZZT0JpeTRpY0h5M1oyMmxYZkFmK2I4ZEM0U3hzbXJ2bFE1U2ZXSWdoSWcwU1gKSW5ZcEViRGMva29BanN4Z0NIS3NBOTF1OFRYd2MyNzBWZFNjMHhZVHBRSkhIT1VFelVwY2RCVXFEV2dyTjVHYgp2TmFEbWlndThRQWg3ZVFTMTJja0xlMGZuejU0S3hzVlNrRm05dzRDdTdrWnZmRE5CV25GY1VIRm5qeDl2Sk5JCjVjUUxLYzJmYno4czhKSG00WUNFeXhjPQotLS0tLUVORCBDRVJUSUZJQ0FURS0tLS0tCg==\n    client-key-data: LS0tLS1CRUdJTiBSU0EgUFJJVkFURSBLRVktLS0tLQpNSUlKS0FJQkFBS0NBZ0VBcWpFcXc2UWd6Rk1vY1FQR1BlUk5kLytRK1NnRUE2UnZjZnlybnA0bU91bUFCdDdZCmVkU29zOWJLZUxkeGU2Ukx4amFha1FUR04xbWh0Tk1VelN5Rk1GcDNuaWZTU3VwQzVwNlVuWDBwK0gyb0xFY1oKOU5OYmRzRjFoSFJjdHk1aHdhUUM0dWNsVEtyT0ViRlN1ZWp3YVpzMGVidXE4N1RMUkVYVlR0aHhMOEVEelFYRQo1aG40N1Nib2hMQVVkc3dHcmUwTFM0MzJQWTlmZWIzNHBKZnB6b04ydjhRZnRxZTFlS1NNUGtHKzlaUndhaVBUCjVaSmtlU2FQYnhUMDQ3N0wyRXRLc0xsMTdrYTJEeVBscDdlbnltSWFzbmdXRFhjRk9Mc0d0ekdoMEVjYXhSU0YKVkxzWVJEKzQza3JGaktFQWFYL0hYaVBkTWpnZHI0cTd1L3JBM0ZuVDdBWHUxb2UrWktUL2pXcUQ1QkY2cE5vbgpmcUZCWnd0Y3RtVlVMQmRwb2wwamV0QlpJQkRZVjRLbGlaSGUyQWltUDR0WGJERkR2TGxLRnU1b1JiNkk0ZzM3CkN2UzRhWFZlVmxPQXV3aGJoMlJHWG1sNGlkcFJmRFFacHNjb3dETWt5VWI2bkhoc2Y3a244dkM5WUsrUFhtcGEKVVg1SEozNWxSd1d6TW1ONzMvTSs0VnJ1R3daT2NSRUJTcEMzekhqR3A4cnZhS1JrTUcwUzR4dEVuQ2NvYzY3Zgo1USsxSGFUME9ycjBUSnpBaXZ4Y1ROYlNDSDlEMG9vbmNxNUVVNjAwMlRpaUJrc3hGbHVpZ2hTWndXNHJYdjJZCkNuU1JuYUlIYUtjQmwvMUNVVmdIRHZmU3AzT3l0NldUZWNlbGpJSUFnSEhTMUVJb05qTnU4VUtiSHAwQ0F3RUEKQVFLQ0FnQVkvMlBDbktiY25CSkNsMFZVN2VXYkRJU2t0QVh5NndJYmdmdExMdnQ2aDdWd1RPY0s3ZnRoZnRqNgpaaWRhKzhUTmRsTzVuVFBvQ1ZoQkVRZnJJdkRsSzBTS2pGck0raCtkZEFsc0lHZzd3V2trSjhWZU9uVWl1a09pCmt0elRZeEtrdUl4Yis0dDArVm1QSzdaMDdBdnoxd0ljSno1eTBVbFIyOWY2M3J1eFFlNW0vTVB3OER1cHlaODUKYmd0emI0QkRwNStURjJUbG9kdHFMRWNMRmUwWGtpT3RBd2VOY3BDckNiQTNyTHg1b2JYcFFSM3NpRllObldaUAo4SW9Qc1lTTFhuTzRCV1dXKy9mZHZXNEw5bVBFekNnVHNxTzZrcExIeEdDMkk2b2F4M2JkSDZoOXk0VkM4UUVjClZXc3l2cXNxMDhQYXhmWEZYSXl2cmZicEkybVVOcU9DdGpLMjQ5OEpYRHRhcVpaVSs2RGtyMCtFd2FyMEVnaXYKbCtCMkhRaFptWnRabHlPL1hqaEVEelhscmU0aEVuYWEwYy9TZXNVRlpYOTV3eWpvbGNid0FNREU2blYrRS8xdQptQU9SWkNJSHIwdW8rWWExb1R4Q2JrV2tsOG15b0JLdVMrZ1g0OHpMeEdUYzgrSkZoZVlRUDgzcGNydWNPSUpxClBnRmUrMFdUSHhDT3ViNkl5QkF5amw3TnNKUWN6VElzYXRkbG9oOXBWTXFOQkJaNmdxUURhMWpoS2xnZ2ZpMnoKYUc1VHYwaXRXMnhVQ0g0NGJEM25MWlVSY0lZK1pITVpHNmgvb3hrRVlzdFcvYzErZDlWY2tOTGtMTWExM3NCVgpIZTdRNnJ4OWFtQ24wd25kYWhWd2NCK2FZS3k3U2p1N29UY3N5aWg4SVJiZmJQWVNHUUtDQVFFQTBwbGNCa1o0CktuM3RlRE8zUWhaaWxMc0w4cy9Ub3J4b09HeVVGM2NNQkY1UUFsZ01vNWk0ZG1laGJXZkhLcmpicW1iQmtPa1cKMHFzdEZsWEhUckIwM2ZiN3YzRXpYUzNuS2UrQnFjckJ4bVR0bjJPd25jOFR1aWFWbkpNSnpSaHFXVi9yZ0k3cgpjOEVickllSmNmV3BuQ3ZMYWdWY2lKQms4RzZDeDVaNk5lanRiNWlwRW41TldFMm9zRXliU3VJbFRleEJ1WkJTCmZNS2k4VXNOTEh0TUlDRTBXV2pkZklEMDZ1VExqZy8zQ2pvbnprLzhuRWNkeEJud2IveW43Zk8xeEtLWFhpZUgKMDYvS29Ub3pheWZBNGRlSTdMc3VTMGVsN3Y0OUFtOWQ0TDh2enFPZk1taDlnVDI2b1NKc1NseGhuS2ZaNGk1UQpkR1BkQ0ZXczhtRGpZd0tDQVFFQXp1SE9qcGV4QVR4L0xEN08ySkJ2bmVOOTRNdDFqNFZ0aWEwZ0c4SU5YWDgwClRjcU1LUmxnZWc3SVNhSkRjZGd5U1V6TytYVGVOYlRvRTVZR3J6dEE0Q2czNkVuQ0JJUFlsTmpmNW80WTkyaEYKWUNtU3NNOU5LOTlHUStrTEpaNDd2YVo4UTNWUys0Q3crNGs5S3kvdHYvSXJ0aE5KdWZSR1RSdjZwT0pZTlJ5eQpkUlYvVmZkc0Q3MHBwVlpGcDhMa3gycWE2VGZ0TmpyM0R4Q2FqbmxhYkR2TCs3b0kwYXF5RzBqKy91UG5iWDV4CjlyMVhmbWZKb3BUY3ZtaTY5d0I5U1BhK1dYT212ZWtIVk8zNlJmZnM4RzhxTk5WSDAwSWhyaFYxOFBQcHdSaDcKZ29adUJpZUJjZUEwUFV6RHA4RXAzQkJzV01oNGZnQ2FwOXFtUFVDVi93S0NBUUVBbGJsRVRJM1RKdHFLZHRmRgpwTzJIUHBoUW9Wc1I2bk9xWU5zSTJqbmZ5RWRJK0xHaW9yaVVCRkllMlVwYnRjcmhHUitlNUNoaStubUtQNFBTCmcrWTk0QVNVN0lGTmRDU0xZU3dPOGlqZFpQQWlaQndhMThiK0RtMGFGc3dPdnNwcDZZcWhRcS9aUTExNkVFbjMKOUpZajlJektQR0Q5YlhYQzNaQ2oxOFBxdE9NWjB5b2tvYW83ME5pOVlrSEVjaE9mVSt2d3VqMlo5MnJsTDBrZApYNDkxQ3E2d3FoUTh5eVJmZTVRWUI3TGYvbHhrS25DQmRwVzAydE5hTmpQWksvb0ZNM3dvdzE2MVdWRjBiUFdVCjBzemJlM1NodXpSRWNHN0swTVBkbWhxVkVwQzZLMTMyYzM4SUkxZEFsUWlGRnNUZy9OLzBycklncnU3RW1RVlkKUktXUFl3S0NBUUFpcWZrM01UbUtVSDJxaHplWFY5UXI2Mk03R0R3eGVSVGFmYlNra2dZMVJVd1pRTGZ0WndBZwpVM3ZCd3J0MFJ0cGVKODJDUk0rNnhmNGcwZ0Y2dVAzczBUQlU3bzdndk1xOFhmNWVIaThXdlZUcWdPekFUV3ZMCnp4Ung2b2xnbXp1OVVqaitBSm1QNUlkRERrSytpc0JXYWhoaTRLWjR6dkk4bDFTTzdoSURqRFJtbzl4N0pnTG8KUERUUExENXRscDFJd0pjR1BzV3pVWHYxL1QwNFpDTC9nYUZ6SXorNUNkWGY5b0lyYVRwc3dVUU5LTHFSUm9pbApnalhlZmFQZUlTbmM0T01TRCt1L1pGMURJTURQbW5RTDhVUnNKOVJxRkdtYVJxUkZaRWtsZnBtclRDVUJTUHRLCmZsdWliY3RXdjJucElxTlUyUG8vZXBCdlVaYUxLdGczQW9JQkFCbDhUY2ZZZGtwbWVBK3ZUM2FNMDM1ekQwcHYKVUhjY2NpV1k2TzVHVmdzSUNmeGpWZjh3djBjZGdrSnliNUExRGdoQ2tUa2I5SGNOSGVFd0pzSHVraHBTazVaMApINGdzMDUrZlpaclFCbkRTQzVMakhITUV2aXFESVBVSlYrUkFqZUdhbWdpVStVUFliUy9WR280M2tyZVZqOHFZCm84Uy9LQXY1eGVlU1NWaHJ0eG1ZMVVab3k5SFNGWEJMakFmYUJqVXByTDVYMEx1KzdYeElNNHhYakc0cEtlcDAKVEtvOTc2MENmM2FXbllMK1pHUkxXalhMRjNFUGpuVkRDbzF1bVlXUVNIdm9odlBhQVZQbmJTY0phcitacnpVNApwdTA1Z2ZGVnJuT1pZMmJRRDhuQlhUZExFbnVydzNLd3R4SzB3WUhCRGk0akp0QTQrVlRnTGRScU5HVT0KLS0tLS1FTkQgUlNBIFBSSVZBVEUgS0VZLS0tLS0K\n    token: 408e854a5f69c3b247843f6457a783d4b8146e09c61bbe75f94a54f77fe5af9f339ece12a4977e29b7c3f9b815a4acb7ca913cd573135cc83f3ac8c8b90fec04\n",
            "kubelet_identity": [
              {
                "client_id": "811ac0c9-f021-4ae7-8c09-322e60cba421",
                "object_id": "00342dd5-8956-4aa1-be92-b5ad5d8c7b5b",
                "user_assigned_identity_id": "/subscriptions/fd8dcb18-c31c-4552-849e-ad4c0c595e2a/resourceGroups/MC_aks-resourcename_assign3-aks_eastasia/providers/Microsoft.ManagedIdentity/userAssignedIdentities/assign3-aks-agentpool"
              }
            ],
            "kubernetes_version": "1.21.9",
            "linux_profile": [],
            "local_account_disabled": false,
            "location": "eastasia",
            "maintenance_window": [],
            "name": "assign3-aks",
            "network_profile": [
              {
                "dns_service_ip": "10.0.0.10",
                "docker_bridge_cidr": "172.17.0.1/16",
                "load_balancer_profile": [
                  {
                    "effective_outbound_ips": [
                      "/subscriptions/fd8dcb18-c31c-4552-849e-ad4c0c595e2a/resourceGroups/MC_aks-resourcename_assign3-aks_eastasia/providers/Microsoft.Network/publicIPAddresses/b6a41367-e0c0-4f5e-878a-a2039d4fa80c"
                    ],
                    "idle_timeout_in_minutes": 0,
                    "managed_outbound_ip_count": 1,
                    "outbound_ip_address_ids": [],
                    "outbound_ip_prefix_ids": [],
                    "outbound_ports_allocated": 0
                  }
                ],
                "load_balancer_sku": "standard",
                "nat_gateway_profile": [],
                "network_mode": "",
                "network_plugin": "kubenet",
                "network_policy": "",
                "outbound_type": "loadBalancer",
                "pod_cidr": "10.244.0.0/16",
                "service_cidr": "10.0.0.0/16"
              }
            ],
            "node_resource_group": "MC_aks-resourcename_assign3-aks_eastasia",
            "oms_agent": [],
            "open_service_mesh_enabled": false,
            "portal_fqdn": "exampleaks1-51711785.portal.hcp.eastasia.azmk8s.io",
            "private_cluster_enabled": false,
            "private_cluster_public_fqdn_enabled": false,
            "private_dns_zone_id": "",
            "private_fqdn": "",
            "private_link_enabled": false,
            "public_network_access_enabled": true,
            "resource_group_name": "aks-resourcename",
            "role_based_access_control": [
              {
                "azure_active_directory": [],
                "enabled": true
              }
            ],
            "role_based_access_control_enabled": true,
            "service_principal": [],
            "sku_tier": "Free",
            "tags": {},
            "timeouts": null,
            "windows_profile": []
          },
          "sensitive_attributes": [],
          "private": "eyJlMmJmYjczMC1lY2FhLTExZTYtOGY4OC0zNDM2M2JjN2M0YzAiOnsiY3JlYXRlIjo1NDAwMDAwMDAwMDAwLCJkZWxldGUiOjU0MDAwMDAwMDAwMDAsInJlYWQiOjMwMDAwMDAwMDAwMCwidXBkYXRlIjo1NDAwMDAwMDAwMDAwfSwic2NoZW1hX3ZlcnNpb24iOiIyIn0=",
          "dependencies": [
            "azurerm_resource_group.resourcegroup"
          ]
        }
      ]
    },
    {
      "module": "module.aks",
      "mode": "managed",
      "type": "azurerm_postgresql_database",
      "name": "pg_db",
      "provider": "provider[\"registry.terraform.io/hashicorp/azurerm\"]",
      "instances": [
        {
          "schema_version": 0,
          "attributes": {
            "charset": "UTF8",
            "collation": "English_United States.1252",
            "id": "/subscriptions/fd8dcb18-c31c-4552-849e-ad4c0c595e2a/resourceGroups/aks-resourcename/providers/Microsoft.DBforPostgreSQL/servers/pgdgdgs/databases/pg_db",
            "name": "pg_db",
            "resource_group_name": "aks-resourcename",
            "server_name": "pgdgdgs",
            "timeouts": null
          },
          "sensitive_attributes": [],
          "private": "eyJlMmJmYjczMC1lY2FhLTExZTYtOGY4OC0zNDM2M2JjN2M0YzAiOnsiY3JlYXRlIjozNjAwMDAwMDAwMDAwLCJkZWxldGUiOjM2MDAwMDAwMDAwMDAsInJlYWQiOjMwMDAwMDAwMDAwMCwidXBkYXRlIjozNjAwMDAwMDAwMDAwfX0=",
          "dependencies": [
            "azurerm_resource_group.resourcegroup",
            "module.aks.azurerm_postgresql_server.example"
          ]
        }
      ]
    },
    {
      "module": "module.aks",
      "mode": "managed",
      "type": "azurerm_postgresql_firewall_rule",
      "name": "example",
      "provider": "provider[\"registry.terraform.io/hashicorp/azurerm\"]",
      "instances": [
        {
          "schema_version": 0,
          "attributes": {
            "end_ip_address": "255.255.255.255",
            "id": "/subscriptions/fd8dcb18-c31c-4552-849e-ad4c0c595e2a/resourceGroups/aks-resourcename/providers/Microsoft.DBforPostgreSQL/servers/pgdgdgs/firewallRules/allowall",
            "name": "allowall",
            "resource_group_name": "aks-resourcename",
            "server_name": "pgdgdgs",
            "start_ip_address": "0.0.0.0",
            "timeouts": null
          },
          "sensitive_attributes": [],
          "private": "eyJlMmJmYjczMC1lY2FhLTExZTYtOGY4OC0zNDM2M2JjN2M0YzAiOnsiY3JlYXRlIjoxODAwMDAwMDAwMDAwLCJkZWxldGUiOjE4MDAwMDAwMDAwMDAsInJlYWQiOjMwMDAwMDAwMDAwMCwidXBkYXRlIjoxODAwMDAwMDAwMDAwfX0=",
          "dependencies": [
            "azurerm_resource_group.resourcegroup",
            "module.aks.azurerm_postgresql_server.example"
          ]
        }
      ]
    },
    {
      "module": "module.aks",
      "mode": "managed",
      "type": "azurerm_postgresql_server",
      "name": "example",
      "provider": "provider[\"registry.terraform.io/hashicorp/azurerm\"]",
      "instances": [
        {
          "schema_version": 0,
          "attributes": {
            "administrator_login": "adminuser",
            "administrator_login_password": "Sang@123",
            "auto_grow_enabled": true,
            "backup_retention_days": 7,
            "create_mode": "Default",
            "creation_source_server_id": null,
            "fqdn": "pgdgdgs.postgres.database.azure.com",
            "geo_redundant_backup_enabled": false,
            "id": "/subscriptions/fd8dcb18-c31c-4552-849e-ad4c0c595e2a/resourceGroups/aks-resourcename/providers/Microsoft.DBforPostgreSQL/servers/pgdgdgs",
            "identity": [],
            "infrastructure_encryption_enabled": false,
            "location": "eastasia",
            "name": "pgdgdgs",
            "public_network_access_enabled": true,
            "resource_group_name": "aks-resourcename",
            "restore_point_in_time": null,
            "sku_name": "B_Gen5_2",
            "ssl_enforcement": "Enabled",
            "ssl_enforcement_enabled": true,
            "ssl_minimal_tls_version_enforced": "TLSEnforcementDisabled",
            "storage_mb": 5120,
            "storage_profile": [
              {
                "auto_grow": "Enabled",
                "backup_retention_days": 7,
                "geo_redundant_backup": "Disabled",
                "storage_mb": 5120
              }
            ],
            "tags": {},
            "threat_detection_policy": [],
            "timeouts": null,
            "version": "9.5"
          },
          "sensitive_attributes": [],
          "private": "eyJlMmJmYjczMC1lY2FhLTExZTYtOGY4OC0zNDM2M2JjN2M0YzAiOnsiY3JlYXRlIjozNjAwMDAwMDAwMDAwLCJkZWxldGUiOjM2MDAwMDAwMDAwMDAsInJlYWQiOjMwMDAwMDAwMDAwMCwidXBkYXRlIjozNjAwMDAwMDAwMDAwfX0=",
          "dependencies": [
            "azurerm_resource_group.resourcegroup"
          ]
        }
      ]
    },
    {
      "module": "module.aks",
      "mode": "managed",
      "type": "azurerm_role_assignment",
      "name": "example",
      "provider": "provider[\"registry.terraform.io/hashicorp/azurerm\"]",
      "instances": [
        {
          "schema_version": 0,
          "attributes": {
            "condition": "",
            "condition_version": "",
            "delegated_managed_identity_resource_id": "",
            "description": "",
            "id": "/subscriptions/fd8dcb18-c31c-4552-849e-ad4c0c595e2a/resourceGroups/aks-resourcename/providers/Microsoft.ContainerRegistry/registries/assign3acr/providers/Microsoft.Authorization/roleAssignments/94433d43-33ea-a1de-0019-d92580a47f00",
            "name": "94433d43-33ea-a1de-0019-d92580a47f00",
            "principal_id": "00342dd5-8956-4aa1-be92-b5ad5d8c7b5b",
            "principal_type": "ServicePrincipal",
            "role_definition_id": "/subscriptions/fd8dcb18-c31c-4552-849e-ad4c0c595e2a/providers/Microsoft.Authorization/roleDefinitions/7f951dda-4ed3-4680-a7ca-43fe172d538d",
            "role_definition_name": "AcrPull",
            "scope": "/subscriptions/fd8dcb18-c31c-4552-849e-ad4c0c595e2a/resourceGroups/aks-resourcename/providers/Microsoft.ContainerRegistry/registries/assign3acr",
            "skip_service_principal_aad_check": true,
            "timeouts": null
          },
          "sensitive_attributes": [],
          "private": "eyJlMmJmYjczMC1lY2FhLTExZTYtOGY4OC0zNDM2M2JjN2M0YzAiOnsiY3JlYXRlIjoxODAwMDAwMDAwMDAwLCJkZWxldGUiOjE4MDAwMDAwMDAwMDAsInJlYWQiOjMwMDAwMDAwMDAwMCwidXBkYXRlIjoxODAwMDAwMDAwMDAwfX0=",
          "dependencies": [
            "azurerm_resource_group.resourcegroup",
            "module.aks.azurerm_container_registry.acr",
            "module.aks.azurerm_kubernetes_cluster.aks"
          ]
        }
      ]
    },
    {
      "module": "module.aks",
      "mode": "managed",
      "type": "docker_image",
      "name": "be",
      "provider": "module.aks.provider[\"registry.terraform.io/kreuzwerker/docker\"]",
      "instances": [
        {
          "schema_version": 0,
          "attributes": {
            "build": [
              {
                "build_arg": {},
                "dockerfile": "Dockerfile",
                "force_remove": false,
                "label": {},
                "no_cache": false,
                "path": "aks_module/be",
                "remove": true,
                "tag": [
                  "assign3acr.azurecr.io/be:latest"
                ],
                "target": ""
              }
            ],
            "force_remove": null,
            "id": "sha256:0b5823f777109571befb54f8e0c49bff1b883c073bc67107d3c60180baa8f5e6assign3acr.azurecr.io/be",
            "keep_locally": null,
            "latest": "sha256:0b5823f777109571befb54f8e0c49bff1b883c073bc67107d3c60180baa8f5e6",
            "name": "assign3acr.azurecr.io/be",
            "output": null,
            "pull_trigger": null,
            "pull_triggers": null,
            "repo_digest": "assign3acr.azurecr.io/be@sha256:f4ec3efbf9631d06c1626280143a850ce83226520fe17cc47933261d851c489a"
          },
          "sensitive_attributes": [],
          "private": "bnVsbA==",
          "dependencies": [
            "azurerm_resource_group.resourcegroup",
            "module.aks.azurerm_container_registry.acr"
          ]
        }
      ]
    },
    {
      "module": "module.aks",
      "mode": "managed",
      "type": "docker_image",
      "name": "fe",
      "provider": "module.aks.provider[\"registry.terraform.io/kreuzwerker/docker\"]",
      "instances": [
        {
          "schema_version": 0,
          "attributes": {
            "build": [
              {
                "build_arg": {},
                "dockerfile": "Dockerfile",
                "force_remove": false,
                "label": {},
                "no_cache": false,
                "path": "aks_module/fe",
                "remove": true,
                "tag": [
                  "assign3acr.azurecr.io/fe:latest"
                ],
                "target": ""
              }
            ],
            "force_remove": null,
            "id": "sha256:a05c3df362c63e3483456a1c01e815e965ba35a6cf26e45d5a59beff3e4c5f6dassign3acr.azurecr.io/fe",
            "keep_locally": null,
            "latest": "sha256:a05c3df362c63e3483456a1c01e815e965ba35a6cf26e45d5a59beff3e4c5f6d",
            "name": "assign3acr.azurecr.io/fe",
            "output": null,
            "pull_trigger": null,
            "pull_triggers": null,
            "repo_digest": "assign3acr.azurecr.io/fe@sha256:4f9ed435539e12eed7338a38d9b7deccf31c1a2747d442faabfa9b9ee3f832b2"
          },
          "sensitive_attributes": [],
          "private": "bnVsbA==",
          "dependencies": [
            "azurerm_resource_group.resourcegroup",
            "module.aks.azurerm_container_registry.acr"
          ]
        }
      ]
    },
    {
      "module": "module.aks",
      "mode": "managed",
      "type": "helm_release",
      "name": "be",
      "provider": "module.aks.provider[\"registry.terraform.io/hashicorp/helm\"]",
      "instances": [
        {
          "schema_version": 0,
          "attributes": {
            "atomic": false,
            "chart": "aks_module/chart-be",
            "cleanup_on_fail": false,
            "create_namespace": false,
            "dependency_update": false,
            "description": null,
            "devel": null,
            "disable_crd_hooks": false,
            "disable_openapi_validation": false,
            "disable_webhooks": false,
            "force_update": false,
            "id": "backend",
            "keyring": null,
            "lint": false,
            "manifest": null,
            "max_history": 0,
            "metadata": [
              {
                "app_version": "latest",
                "chart": "app",
                "name": "backend",
                "namespace": "default",
                "revision": 1,
                "values": "{\"be\":{\"svcType\":\"LoadBalancer\"},\"be_image\":\"assign3acr.azurecr.io/be\",\"be_name\":\"assignment-be\",\"be_port\":3000,\"cluster\":{\"enabled\":true},\"env\":{\"db_name\":\"pg_db\",\"host\":\"pgdgdgs.postgres.database.azure.com\",\"pg_pass\":\"Sang@123\",\"pg_user\":\"adminuser@pgdgdgs\"},\"fe_image\":\"assign3acr.azurecr.io/fe\",\"metrics\":{\"enabled\":true},\"service\":{\"annotations\":{\"prometheus.io/port\":\"9127\"}}}",
                "version": "0.1.0"
              }
            ],
            "name": "backend",
            "namespace": "default",
            "postrender": [],
            "recreate_pods": false,
            "render_subchart_notes": true,
            "replace": false,
            "repository": null,
            "repository_ca_file": null,
            "repository_cert_file": null,
            "repository_key_file": null,
            "repository_password": null,
            "repository_username": null,
            "reset_values": false,
            "reuse_values": false,
            "set": [
              {
                "name": "be_image",
                "type": "",
                "value": "assign3acr.azurecr.io/be"
              },
              {
                "name": "cluster.enabled",
                "type": "",
                "value": "true"
              },
              {
                "name": "env.db_name",
                "type": "",
                "value": "pg_db"
              },
              {
                "name": "env.host",
                "type": "",
                "value": "pgdgdgs.postgres.database.azure.com"
              },
              {
                "name": "env.pg_pass",
                "type": "",
                "value": "Sang@123"
              },
              {
                "name": "env.pg_user",
                "type": "",
                "value": "adminuser@pgdgdgs"
              },
              {
                "name": "fe_image",
                "type": "",
                "value": "assign3acr.azurecr.io/fe"
              },
              {
                "name": "metrics.enabled",
                "type": "",
                "value": "true"
              },
              {
                "name": "service.annotations.prometheus\\.io/port",
                "type": "string",
                "value": "9127"
              }
            ],
            "set_sensitive": [],
            "skip_crds": false,
            "status": "deployed",
            "timeout": 300,
            "values": [
              "be_name: assignment-be\nbe_port: 3000\nbe:\n  svcType: LoadBalancer\n"
            ],
            "verify": false,
            "version": "0.1.0",
            "wait": true,
            "wait_for_jobs": false
          },
          "sensitive_attributes": [
            [
              {
                "type": "get_attr",
                "value": "set"
              }
            ]
          ],
          "private": "bnVsbA==",
          "dependencies": [
            "azurerm_resource_group.resourcegroup",
            "module.aks.azurerm_container_registry.acr",
            "module.aks.azurerm_kubernetes_cluster.aks",
            "module.aks.azurerm_postgresql_database.pg_db",
            "module.aks.azurerm_postgresql_server.example",
            "module.aks.docker_image.be",
            "module.aks.docker_image.fe",
            "module.aks.local_file.kube_config",
            "module.aks.null_resource.docker_push"
          ]
        }
      ]
    },
    {
      "module": "module.aks",
      "mode": "managed",
      "type": "helm_release",
      "name": "fe",
      "provider": "module.aks.provider[\"registry.terraform.io/hashicorp/helm\"]",
      "instances": [
        {
          "schema_version": 0,
          "attributes": {
            "atomic": false,
            "chart": "aks_module/chart-fe",
            "cleanup_on_fail": false,
            "create_namespace": false,
            "dependency_update": false,
            "description": null,
            "devel": null,
            "disable_crd_hooks": false,
            "disable_openapi_validation": false,
            "disable_webhooks": false,
            "force_update": false,
            "id": "frontend",
            "keyring": null,
            "lint": false,
            "manifest": null,
            "max_history": 0,
            "metadata": [
              {
                "app_version": "latest",
                "chart": "app",
                "name": "frontend",
                "namespace": "default",
                "revision": 1,
                "values": "{\"cluster\":{\"enabled\":true},\"fe\":{\"serviceName\":\"assignment-frontend-service\",\"svcType\":\"LoadBalancer\"},\"fe_image\":\"assign3acr.azurecr.io/fe\",\"fe_port\":4200,\"metrics\":{\"enabled\":true},\"service\":{\"annotations\":{\"prometheus.io/port\":\"9127\"}}}",
                "version": "0.1.0"
              }
            ],
            "name": "frontend",
            "namespace": "default",
            "postrender": [],
            "recreate_pods": false,
            "render_subchart_notes": true,
            "replace": false,
            "repository": null,
            "repository_ca_file": null,
            "repository_cert_file": null,
            "repository_key_file": null,
            "repository_password": null,
            "repository_username": null,
            "reset_values": false,
            "reuse_values": false,
            "set": [
              {
                "name": "cluster.enabled",
                "type": "",
                "value": "true"
              },
              {
                "name": "fe_image",
                "type": "",
                "value": "assign3acr.azurecr.io/fe"
              },
              {
                "name": "metrics.enabled",
                "type": "",
                "value": "true"
              },
              {
                "name": "service.annotations.prometheus\\.io/port",
                "type": "string",
                "value": "9127"
              }
            ],
            "set_sensitive": [],
            "skip_crds": false,
            "status": "deployed",
            "timeout": 300,
            "values": [
              "#fe\nfe_port: 4200\n\nfe:\n  svcType: LoadBalancer\n  serviceName: assignment-frontend-service"
            ],
            "verify": false,
            "version": "0.1.0",
            "wait": true,
            "wait_for_jobs": false
          },
          "sensitive_attributes": [],
          "private": "bnVsbA==",
          "dependencies": [
            "azurerm_resource_group.resourcegroup",
            "module.aks.azurerm_container_registry.acr",
            "module.aks.azurerm_kubernetes_cluster.aks",
            "module.aks.docker_image.be",
            "module.aks.docker_image.fe",
            "module.aks.local_file.kube_config",
            "module.aks.null_resource.docker_push"
          ]
        }
      ]
    },
    {
      "module": "module.aks",
      "mode": "managed",
      "type": "helm_release",
      "name": "ingress",
      "provider": "module.aks.provider[\"registry.terraform.io/hashicorp/helm\"]",
      "instances": [
        {
          "schema_version": 0,
          "attributes": {
            "atomic": false,
            "chart": "ingress-nginx",
            "cleanup_on_fail": false,
            "create_namespace": false,
            "dependency_update": false,
            "description": null,
            "devel": null,
            "disable_crd_hooks": false,
            "disable_openapi_validation": false,
            "disable_webhooks": false,
            "force_update": false,
            "id": "ingress",
            "keyring": null,
            "lint": false,
            "manifest": null,
            "max_history": 0,
            "metadata": [
              {
                "app_version": "1.1.3",
                "chart": "ingress-nginx",
                "name": "ingress",
                "namespace": "default",
                "revision": 1,
                "values": "null",
                "version": "4.0.19"
              }
            ],
            "name": "ingress",
            "namespace": "default",
            "postrender": [],
            "recreate_pods": false,
            "render_subchart_notes": true,
            "replace": false,
            "repository": "https://kubernetes.github.io/ingress-nginx",
            "repository_ca_file": null,
            "repository_cert_file": null,
            "repository_key_file": null,
            "repository_password": null,
            "repository_username": null,
            "reset_values": false,
            "reuse_values": false,
            "set": [],
            "set_sensitive": [],
            "skip_crds": false,
            "status": "deployed",
            "timeout": 300,
            "values": null,
            "verify": false,
            "version": "4.0.19",
            "wait": true,
            "wait_for_jobs": false
          },
          "sensitive_attributes": [],
          "private": "bnVsbA==",
          "dependencies": [
            "azurerm_resource_group.resourcegroup",
            "module.aks.azurerm_kubernetes_cluster.aks",
            "module.aks.local_file.kube_config"
          ]
        }
      ]
    },
    {
      "module": "module.aks",
      "mode": "managed",
      "type": "helm_release",
      "name": "phppgadmin",
      "provider": "module.aks.provider[\"registry.terraform.io/hashicorp/helm\"]",
      "instances": [
        {
          "schema_version": 0,
          "attributes": {
            "atomic": false,
            "chart": "aks_module/charts-phppgadmin",
            "cleanup_on_fail": false,
            "create_namespace": false,
            "dependency_update": false,
            "description": null,
            "devel": null,
            "disable_crd_hooks": false,
            "disable_openapi_validation": false,
            "disable_webhooks": false,
            "force_update": false,
            "id": "my-phpadmin",
            "keyring": null,
            "lint": false,
            "manifest": null,
            "max_history": 0,
            "metadata": [
              {
                "app_version": "",
                "chart": "phppgadmin-chart",
                "name": "my-phpadmin",
                "namespace": "default",
                "revision": 1,
                "values": "{\"cluster\":{\"enabled\":true},\"image\":{\"pullPolicy\":\"IfNotPresent\",\"repository\":\"dockage/phppgadmin\",\"tag\":\"latest\"},\"metrics\":{\"enabled\":true},\"phppgadmin\":{\"ajaxRefresh\":3,\"autoComplete\":\"default on\",\"defaultLang\":\"auto\",\"extraLoginSecurity\":false,\"helpBase\":\"http://www.postgresql.org/docs/%s/interactive/\",\"leftWidth\":200,\"maxChars\":50,\"maxRows\":30,\"minPasswordLength\":1,\"ownedOnly\":false,\"serverDefaultDb\":\"template1\",\"serverDesc\":\"PostgreSQL\",\"serverHost\":\"pgdgdgs.postgres.database.azure.com\",\"serverPgDumpAllPath\":\"/usr/bin/pg_dumpall\",\"serverPgDumpPath\":\"/usr/bin/pg_dump\",\"serverPort\":5432,\"serverSslMode\":\"allow\",\"showAdvanced\":false,\"showComments\":true,\"showOids\":false,\"showSystem\":false,\"theme\":\"default\",\"userXhtlmStrict\":false},\"replicaCount\":1,\"resources\":{},\"service\":{\"annotations\":{\"prometheus.io/port\":\"9127\"},\"externalPort\":8080,\"internalPort\":80,\"name\":\"phppgadmin\",\"type\":\"LoadBalancer\"}}",
                "version": "0.1.0"
              }
            ],
            "name": "my-phpadmin",
            "namespace": "default",
            "postrender": [],
            "recreate_pods": false,
            "render_subchart_notes": true,
            "replace": false,
            "repository": null,
            "repository_ca_file": null,
            "repository_cert_file": null,
            "repository_key_file": null,
            "repository_password": null,
            "repository_username": null,
            "reset_values": false,
            "reuse_values": false,
            "set": [
              {
                "name": "cluster.enabled",
                "type": "",
                "value": "true"
              },
              {
                "name": "metrics.enabled",
                "type": "",
                "value": "true"
              },
              {
                "name": "phppgadmin.serverHost",
                "type": "",
                "value": "pgdgdgs.postgres.database.azure.com"
              },
              {
                "name": "service.annotations.prometheus\\.io/port",
                "type": "string",
                "value": "9127"
              }
            ],
            "set_sensitive": [],
            "skip_crds": false,
            "status": "deployed",
            "timeout": 300,
            "values": [
              "replicaCount: 1\r\nimage:\r\n  repository: dockage/phppgadmin\r\n  #repository: bitnami/phppgadmin\r\n  tag: latest\r\n  pullPolicy: IfNotPresent\r\nservice:\r\n  name: phppgadmin\r\n  type: LoadBalancer\r\n  externalPort: 8080\r\n  internalPort: 80\r\nphppgadmin: \r\n  serverHost: \r\n  serverPort: 5432\r\n  serverDesc: PostgreSQL\r\n  serverSslMode: allow\r\n  serverDefaultDb: template1\r\n  serverPgDumpPath: /usr/bin/pg_dump\r\n  serverPgDumpAllPath: /usr/bin/pg_dumpall\r\n  defaultLang: auto\r\n  autoComplete: default on\r\n  extraLoginSecurity: false\r\n  ownedOnly: false\r\n  showComments: true\r\n  showAdvanced: false\r\n  showSystem: false\r\n  minPasswordLength: 1\r\n  leftWidth: 200\r\n  theme: default\r\n  showOids: false\r\n  maxRows: 30\r\n  maxChars: 50\r\n  userXhtlmStrict: false\r\n  helpBase: http://www.postgresql.org/docs/%s/interactive/\r\n  ajaxRefresh: 3\r\nresources: {}\r\n"
            ],
            "verify": false,
            "version": "0.1.0",
            "wait": true,
            "wait_for_jobs": false
          },
          "sensitive_attributes": [],
          "private": "bnVsbA==",
          "dependencies": [
            "azurerm_resource_group.resourcegroup",
            "module.aks.azurerm_kubernetes_cluster.aks",
            "module.aks.azurerm_postgresql_server.example",
            "module.aks.local_file.kube_config"
          ]
        }
      ]
    },
    {
      "module": "module.aks",
      "mode": "managed",
      "type": "local_file",
      "name": "kube_config",
      "provider": "provider[\"registry.terraform.io/hashicorp/local\"]",
      "instances": [
        {
          "schema_version": 0,
          "attributes": {
            "content": "apiVersion: v1\nclusters:\n- cluster:\n    certificate-authority-data: LS0tLS1CRUdJTiBDRVJUSUZJQ0FURS0tLS0tCk1JSUU2RENDQXRDZ0F3SUJBZ0lRWm9qODNIZlhhOFQ5L1RGa2kzL054VEFOQmdrcWhraUc5dzBCQVFzRkFEQU4KTVFzd0NRWURWUVFERXdKallUQWdGdzB5TWpBME1UUXhORFU1TXpaYUdBOHlNRFV5TURReE5ERTFNRGt6TmxvdwpEVEVMTUFrR0ExVUVBeE1DWTJFd2dnSWlNQTBHQ1NxR1NJYjNEUUVCQVFVQUE0SUNEd0F3Z2dJS0FvSUNBUURvCnp4ZG5WZkdOVk1CcUM2NGMyZms5OEVnYk54eFFrdEhOVk95TW0yUzBuZGczY0hrK3BiME1vMStRc2lXVHNrZUQKMm02aWV1SHFoZ2c1dnczZlA4MXVSR3djSDV0d3BDdDZONkllcFlyVWsyVVZuYzc4T0tXbjFSVTVTejcrYzV6SgpyaWY5YjY0VENDTnlxMTZnZUJTTkxVY0F0SFlaU0dkNEh0VHdCMW0yazFxd0VlemNJZDVZTkRnYWI5dFpsSndCCkZhbzhpUURFQ3pseWRTanJlOXNqc2ZTZGxOZzhQUG0va2xwNmFKajh2K3pDOENYSDdsSGQ2d3Zmcnh2RjR4amkKNGtRWkpHMlRYcnltYjF6Vmt0Wjd0VXVkZ0YvOGg3aUxscVdXdEZuL2NFMlNVbVRxMVFhWEZNRXNRMnF0VGpMSworSUJmV3NheUlyWHNpR0dEWU1hdG92OXA3L29jZ2oxa2pyUFFzSS9YYTJjTHZDREdCbzEyWFIyZ2Uzakx4TzlVCjMycGRZc2RCWTFVc0xiUkFaTExBa1ZEYVhPTm1HRk9zODljZE51VHdrWWJQc28zUUpjVFVXQjNUdHd4YVpoRmEKc0NLOXY4R1I5d3NjK2hPWElGdm9hWFRqc0lBLysyUEVDTFBwSlJ3OXdFWlFxL2tjOXVJdk11aTB5YU93dmNkTAp1VGJJV2xYa0R2L05ROEwvWGwxdUJDT284MWMwVzhicWx4SXlvZXRoNFc5SVFYSDE3c1J1UUpEKzNJMHJ3aWw0CmRTckNoNktaUFN0YVZwdVVVVnNJNWRFbGJySVhvemQ4TjhsdmR6eEpyWXhnYmd5MkF3d1I0aEVuQW05WE92bVEKTWtPRmEyd0JhN3JYYmNWRzBLZTYxbGQwR3Y2WFVDZEllQ2haaHFQUWV3SURBUUFCbzBJd1FEQU9CZ05WSFE4QgpBZjhFQkFNQ0FxUXdEd1lEVlIwVEFRSC9CQVV3QXdFQi96QWRCZ05WSFE0RUZnUVVUWDAzRnl0Y1QyQktDaldECjBTMCtOeUR4WUIwd0RRWUpLb1pJaHZjTkFRRUxCUUFEZ2dJQkFPWEJBbWFSNHEzTWJDR3IxTHFXKzdON3E2TUcKblBQZ1oxSmpIdzA3ZVhPMTBZcXNEL1QyeWxQTUl0UE85alBxZTByNVRSSHJWTzcwTE10dkZYcXYyemM2N3ZDSwpFcUswL3hJOFQ2Ukdrc2k2Uy9ncVlpbmxDWEp4NVZNUFNRK2hWRkpIa2JmbERpc3ZhdXJNOVdGOGNNbkhtWlVJCktQTUp6emg0YnRxQ2ZoUVRtaG91UVRBVGFETUhoU0xBU0tnbXp1NlpwZ0xpcmFleFIwM0dReU53Vk1CTlVyaGsKdHBwMStTNHUrWUJtelo2YmxyZG5OTGhWV1A4U3c5eE9rUTNxbCtjR2FNWm8wUEZzMkU5NzcxM2tMTXVXUS9qNQpJZm8ydTRHV2lld2l1YkZuM2E1VHZjT0Q5aWE2eXZXL25mVzFxSzNIb3dDNGN2bGh0cmF1c0I1YlNTc3B3NWhMCml1ZHhudWo0ZXR4NERhVEtrT01jV3ZJY3EreWtYZUxWczZzRjNoNGRjQ01rU2cxTTVZSEZhem42NDZLc0xNTkYKVXdWd3g3WTJXWE1XT3BkaHVvcjBUUlB6bkU5ZFQ5REdYSEF5ODFESVRXNldrSlB6bjlhUFNqYUp5Ynh3djJsLwpQUmJPY25TU0JyQmRaVTYvS0dwRVZZZVdDNVE0QzFLSzZFU3p2OHBKZ0Z5NStKM0V1dk9pQjBYd1dUSXppc3lDCmVUZjFLSlhVS2s2c1MvUjdEMmFKNC9xYWVXZU1wRHIwTU5hS3pDbHRhYzN5b2FHSnEvQXJhM0l6Z2lINk9kMzQKSTFGa1luSktpNVc2QjFXVnl1c3FJQi9WU205L29VanpvQ2pKQkNFdGdIQ1J4NyszWTUrbmUzVG03Nm9USGQ4RgpNT3hPbnNWZjFCZEgya05XCi0tLS0tRU5EIENFUlRJRklDQVRFLS0tLS0K\n    server: https://exampleaks1-51711785.hcp.eastasia.azmk8s.io:443\n  name: assign3-aks\ncontexts:\n- context:\n    cluster: assign3-aks\n    user: clusterUser_aks-resourcename_assign3-aks\n  name: assign3-aks\ncurrent-context: assign3-aks\nkind: Config\npreferences: {}\nusers:\n- name: clusterUser_aks-resourcename_assign3-aks\n  user:\n    client-certificate-data: LS0tLS1CRUdJTiBDRVJUSUZJQ0FURS0tLS0tCk1JSUZIVENDQXdXZ0F3SUJBZ0lRY2tKQ0svbjV3VlZyZXE3S3JhVk5JakFOQmdrcWhraUc5dzBCQVFzRkFEQU4KTVFzd0NRWURWUVFERXdKallUQWVGdzB5TWpBME1UUXhORFU1TXpaYUZ3MHlOREEwTVRReE5UQTVNelphTURBeApGekFWQmdOVkJBb1REbk41YzNSbGJUcHRZWE4wWlhKek1SVXdFd1lEVlFRREV3eHRZWE4wWlhKamJHbGxiblF3CmdnSWlNQTBHQ1NxR1NJYjNEUUVCQVFVQUE0SUNEd0F3Z2dJS0FvSUNBUUNxTVNyRHBDRE1VeWh4QThZOTVFMTMKLzVENUtBUURwRzl4L0t1ZW5pWTY2WUFHM3RoNTFLaXoxc3A0dDNGN3BFdkdOcHFSQk1ZM1dhRzAweFROTElVdwpXbmVlSjlKSzZrTG1ucFNkZlNuNGZhZ3NSeG4wMDF0MndYV0VkRnkzTG1IQnBBTGk1eVZNcXM0UnNWSzU2UEJwCm16UjV1NnJ6dE10RVJkVk8ySEV2d1FQTkJjVG1HZmp0SnVpRXNCUjJ6QWF0N1F0TGpmWTlqMTk1dmZpa2wrbk8KZzNhL3hCKzJwN1Y0cEl3K1FiNzFsSEJxSTlQbGttUjVKbzl2RlBUanZzdllTMHF3dVhYdVJyWVBJK1dudDZmSwpZaHF5ZUJZTmR3VTR1d2EzTWFIUVJ4ckZGSVZVdXhoRVA3amVTc1dNb1FCcGY4ZGVJOTB5T0IydmlydTcrc0RjCldkUHNCZTdXaDc1a3BQK05hb1BrRVhxazJpZCtvVUZuQzF5MlpWUXNGMm1pWFNONjBGa2dFTmhYZ3FXSmtkN1kKQ0tZL2kxZHNNVU84dVVvVzdtaEZ2b2ppRGZzSzlMaHBkVjVXVTRDN0NGdUhaRVplYVhpSjJsRjhOQm1teHlqQQpNeVRKUnZxY2VHeC91U2Z5OEwxZ3I0OWVhbHBSZmtjbmZtVkhCYk15WTN2Zjh6N2hXdTRiQms1eEVRRktrTGZNCmVNYW55dTlvcEdRd2JSTGpHMFNjSnloenJ0L2xEN1VkcFBRNnV2Uk1uTUNLL0Z4TTF0SUlmMFBTaWlkeXJrUlQKclRUWk9LSUdTekVXVzZLQ0ZKbkJiaXRlL1pnS2RKR2RvZ2RvcHdHWC9VSlJXQWNPOTlLbmM3SzNwWk41eDZXTQpnZ0NBY2RMVVFpZzJNMjd4UXBzZW5RSURBUUFCbzFZd1ZEQU9CZ05WSFE4QkFmOEVCQU1DQmFBd0V3WURWUjBsCkJBd3dDZ1lJS3dZQkJRVUhBd0l3REFZRFZSMFRBUUgvQkFJd0FEQWZCZ05WSFNNRUdEQVdnQlJOZlRjWEsxeFAKWUVvS05ZUFJMVDQzSVBGZ0hUQU5CZ2txaGtpRzl3MEJBUXNGQUFPQ0FnRUFsZmpvLzV1ZjVjOXBJaU9ZQkNtYwprQmh0SjYyeE4zZHhMNTBweERPdWI2Vzh5WVh3U3FTL0lWZXVheno0QldidTdnNDRNNDd0OWUzUGxDL1ZSZnI3CkxhMDVrOVlacnhqREc3VTQvdFJ1c1U2a3ltR21EdlljUExTVE9GdE5XMkNkRG8rRDNpTWRsQUJDcFdQYlpjYXQKRjBsYjdpN0pPQ1AvcmFCdnYvOEFWQ2h3SzBnZHhFZThCUUh0QWZwWXQ0RlYrenZYMDljSzNpUDZGUW90M2VxRQpHQkJoOUpGR215V3drT2R2Z2VNeS9zWldpOVhoRGZWUTV1bzRFb3Z1SnJPL0JrTFlkaXFhRGtLNmQ2T0VGRElYCkZTUnNoc0ZXQU5PekJrTU4wTEMvMHJZdkI2OVpWOXRHTHZPM05YYSticnZnNjhRb3liL0xzbFBIeEllZDBNdW0KOGRnTzlVbDN6OW9zRVFJWUg1RlRublkvazBXTlBVRUdvMW56Tlp3Y2JyOWNMLzRvYW9FVER5VXJqcnByRVR0aApuQ1NzTFUweWpIWS9QbHRkdXRRWDJYSVgyY3hQcGtJTnZaNDhBV3Z6Sm9jd1piNHVDRWlUeHN5eTRXWENHdExNCmRnYUFZSGFSWnRVWUI3ZGFNbjZZT0JpeTRpY0h5M1oyMmxYZkFmK2I4ZEM0U3hzbXJ2bFE1U2ZXSWdoSWcwU1gKSW5ZcEViRGMva29BanN4Z0NIS3NBOTF1OFRYd2MyNzBWZFNjMHhZVHBRSkhIT1VFelVwY2RCVXFEV2dyTjVHYgp2TmFEbWlndThRQWg3ZVFTMTJja0xlMGZuejU0S3hzVlNrRm05dzRDdTdrWnZmRE5CV25GY1VIRm5qeDl2Sk5JCjVjUUxLYzJmYno4czhKSG00WUNFeXhjPQotLS0tLUVORCBDRVJUSUZJQ0FURS0tLS0tCg==\n    client-key-data: LS0tLS1CRUdJTiBSU0EgUFJJVkFURSBLRVktLS0tLQpNSUlKS0FJQkFBS0NBZ0VBcWpFcXc2UWd6Rk1vY1FQR1BlUk5kLytRK1NnRUE2UnZjZnlybnA0bU91bUFCdDdZCmVkU29zOWJLZUxkeGU2Ukx4amFha1FUR04xbWh0Tk1VelN5Rk1GcDNuaWZTU3VwQzVwNlVuWDBwK0gyb0xFY1oKOU5OYmRzRjFoSFJjdHk1aHdhUUM0dWNsVEtyT0ViRlN1ZWp3YVpzMGVidXE4N1RMUkVYVlR0aHhMOEVEelFYRQo1aG40N1Nib2hMQVVkc3dHcmUwTFM0MzJQWTlmZWIzNHBKZnB6b04ydjhRZnRxZTFlS1NNUGtHKzlaUndhaVBUCjVaSmtlU2FQYnhUMDQ3N0wyRXRLc0xsMTdrYTJEeVBscDdlbnltSWFzbmdXRFhjRk9Mc0d0ekdoMEVjYXhSU0YKVkxzWVJEKzQza3JGaktFQWFYL0hYaVBkTWpnZHI0cTd1L3JBM0ZuVDdBWHUxb2UrWktUL2pXcUQ1QkY2cE5vbgpmcUZCWnd0Y3RtVlVMQmRwb2wwamV0QlpJQkRZVjRLbGlaSGUyQWltUDR0WGJERkR2TGxLRnU1b1JiNkk0ZzM3CkN2UzRhWFZlVmxPQXV3aGJoMlJHWG1sNGlkcFJmRFFacHNjb3dETWt5VWI2bkhoc2Y3a244dkM5WUsrUFhtcGEKVVg1SEozNWxSd1d6TW1ONzMvTSs0VnJ1R3daT2NSRUJTcEMzekhqR3A4cnZhS1JrTUcwUzR4dEVuQ2NvYzY3Zgo1USsxSGFUME9ycjBUSnpBaXZ4Y1ROYlNDSDlEMG9vbmNxNUVVNjAwMlRpaUJrc3hGbHVpZ2hTWndXNHJYdjJZCkNuU1JuYUlIYUtjQmwvMUNVVmdIRHZmU3AzT3l0NldUZWNlbGpJSUFnSEhTMUVJb05qTnU4VUtiSHAwQ0F3RUEKQVFLQ0FnQVkvMlBDbktiY25CSkNsMFZVN2VXYkRJU2t0QVh5NndJYmdmdExMdnQ2aDdWd1RPY0s3ZnRoZnRqNgpaaWRhKzhUTmRsTzVuVFBvQ1ZoQkVRZnJJdkRsSzBTS2pGck0raCtkZEFsc0lHZzd3V2trSjhWZU9uVWl1a09pCmt0elRZeEtrdUl4Yis0dDArVm1QSzdaMDdBdnoxd0ljSno1eTBVbFIyOWY2M3J1eFFlNW0vTVB3OER1cHlaODUKYmd0emI0QkRwNStURjJUbG9kdHFMRWNMRmUwWGtpT3RBd2VOY3BDckNiQTNyTHg1b2JYcFFSM3NpRllObldaUAo4SW9Qc1lTTFhuTzRCV1dXKy9mZHZXNEw5bVBFekNnVHNxTzZrcExIeEdDMkk2b2F4M2JkSDZoOXk0VkM4UUVjClZXc3l2cXNxMDhQYXhmWEZYSXl2cmZicEkybVVOcU9DdGpLMjQ5OEpYRHRhcVpaVSs2RGtyMCtFd2FyMEVnaXYKbCtCMkhRaFptWnRabHlPL1hqaEVEelhscmU0aEVuYWEwYy9TZXNVRlpYOTV3eWpvbGNid0FNREU2blYrRS8xdQptQU9SWkNJSHIwdW8rWWExb1R4Q2JrV2tsOG15b0JLdVMrZ1g0OHpMeEdUYzgrSkZoZVlRUDgzcGNydWNPSUpxClBnRmUrMFdUSHhDT3ViNkl5QkF5amw3TnNKUWN6VElzYXRkbG9oOXBWTXFOQkJaNmdxUURhMWpoS2xnZ2ZpMnoKYUc1VHYwaXRXMnhVQ0g0NGJEM25MWlVSY0lZK1pITVpHNmgvb3hrRVlzdFcvYzErZDlWY2tOTGtMTWExM3NCVgpIZTdRNnJ4OWFtQ24wd25kYWhWd2NCK2FZS3k3U2p1N29UY3N5aWg4SVJiZmJQWVNHUUtDQVFFQTBwbGNCa1o0CktuM3RlRE8zUWhaaWxMc0w4cy9Ub3J4b09HeVVGM2NNQkY1UUFsZ01vNWk0ZG1laGJXZkhLcmpicW1iQmtPa1cKMHFzdEZsWEhUckIwM2ZiN3YzRXpYUzNuS2UrQnFjckJ4bVR0bjJPd25jOFR1aWFWbkpNSnpSaHFXVi9yZ0k3cgpjOEVickllSmNmV3BuQ3ZMYWdWY2lKQms4RzZDeDVaNk5lanRiNWlwRW41TldFMm9zRXliU3VJbFRleEJ1WkJTCmZNS2k4VXNOTEh0TUlDRTBXV2pkZklEMDZ1VExqZy8zQ2pvbnprLzhuRWNkeEJud2IveW43Zk8xeEtLWFhpZUgKMDYvS29Ub3pheWZBNGRlSTdMc3VTMGVsN3Y0OUFtOWQ0TDh2enFPZk1taDlnVDI2b1NKc1NseGhuS2ZaNGk1UQpkR1BkQ0ZXczhtRGpZd0tDQVFFQXp1SE9qcGV4QVR4L0xEN08ySkJ2bmVOOTRNdDFqNFZ0aWEwZ0c4SU5YWDgwClRjcU1LUmxnZWc3SVNhSkRjZGd5U1V6TytYVGVOYlRvRTVZR3J6dEE0Q2czNkVuQ0JJUFlsTmpmNW80WTkyaEYKWUNtU3NNOU5LOTlHUStrTEpaNDd2YVo4UTNWUys0Q3crNGs5S3kvdHYvSXJ0aE5KdWZSR1RSdjZwT0pZTlJ5eQpkUlYvVmZkc0Q3MHBwVlpGcDhMa3gycWE2VGZ0TmpyM0R4Q2FqbmxhYkR2TCs3b0kwYXF5RzBqKy91UG5iWDV4CjlyMVhmbWZKb3BUY3ZtaTY5d0I5U1BhK1dYT212ZWtIVk8zNlJmZnM4RzhxTk5WSDAwSWhyaFYxOFBQcHdSaDcKZ29adUJpZUJjZUEwUFV6RHA4RXAzQkJzV01oNGZnQ2FwOXFtUFVDVi93S0NBUUVBbGJsRVRJM1RKdHFLZHRmRgpwTzJIUHBoUW9Wc1I2bk9xWU5zSTJqbmZ5RWRJK0xHaW9yaVVCRkllMlVwYnRjcmhHUitlNUNoaStubUtQNFBTCmcrWTk0QVNVN0lGTmRDU0xZU3dPOGlqZFpQQWlaQndhMThiK0RtMGFGc3dPdnNwcDZZcWhRcS9aUTExNkVFbjMKOUpZajlJektQR0Q5YlhYQzNaQ2oxOFBxdE9NWjB5b2tvYW83ME5pOVlrSEVjaE9mVSt2d3VqMlo5MnJsTDBrZApYNDkxQ3E2d3FoUTh5eVJmZTVRWUI3TGYvbHhrS25DQmRwVzAydE5hTmpQWksvb0ZNM3dvdzE2MVdWRjBiUFdVCjBzemJlM1NodXpSRWNHN0swTVBkbWhxVkVwQzZLMTMyYzM4SUkxZEFsUWlGRnNUZy9OLzBycklncnU3RW1RVlkKUktXUFl3S0NBUUFpcWZrM01UbUtVSDJxaHplWFY5UXI2Mk03R0R3eGVSVGFmYlNra2dZMVJVd1pRTGZ0WndBZwpVM3ZCd3J0MFJ0cGVKODJDUk0rNnhmNGcwZ0Y2dVAzczBUQlU3bzdndk1xOFhmNWVIaThXdlZUcWdPekFUV3ZMCnp4Ung2b2xnbXp1OVVqaitBSm1QNUlkRERrSytpc0JXYWhoaTRLWjR6dkk4bDFTTzdoSURqRFJtbzl4N0pnTG8KUERUUExENXRscDFJd0pjR1BzV3pVWHYxL1QwNFpDTC9nYUZ6SXorNUNkWGY5b0lyYVRwc3dVUU5LTHFSUm9pbApnalhlZmFQZUlTbmM0T01TRCt1L1pGMURJTURQbW5RTDhVUnNKOVJxRkdtYVJxUkZaRWtsZnBtclRDVUJTUHRLCmZsdWliY3RXdjJucElxTlUyUG8vZXBCdlVaYUxLdGczQW9JQkFCbDhUY2ZZZGtwbWVBK3ZUM2FNMDM1ekQwcHYKVUhjY2NpV1k2TzVHVmdzSUNmeGpWZjh3djBjZGdrSnliNUExRGdoQ2tUa2I5SGNOSGVFd0pzSHVraHBTazVaMApINGdzMDUrZlpaclFCbkRTQzVMakhITUV2aXFESVBVSlYrUkFqZUdhbWdpVStVUFliUy9WR280M2tyZVZqOHFZCm84Uy9LQXY1eGVlU1NWaHJ0eG1ZMVVab3k5SFNGWEJMakFmYUJqVXByTDVYMEx1KzdYeElNNHhYakc0cEtlcDAKVEtvOTc2MENmM2FXbllMK1pHUkxXalhMRjNFUGpuVkRDbzF1bVlXUVNIdm9odlBhQVZQbmJTY0phcitacnpVNApwdTA1Z2ZGVnJuT1pZMmJRRDhuQlhUZExFbnVydzNLd3R4SzB3WUhCRGk0akp0QTQrVlRnTGRScU5HVT0KLS0tLS1FTkQgUlNBIFBSSVZBVEUgS0VZLS0tLS0K\n    token: 408e854a5f69c3b247843f6457a783d4b8146e09c61bbe75f94a54f77fe5af9f339ece12a4977e29b7c3f9b815a4acb7ca913cd573135cc83f3ac8c8b90fec04\n",
            "content_base64": null,
            "directory_permission": "0777",
            "file_permission": "0777",
            "filename": "aks_config",
            "id": "d3208671663a75952b3995206a2fafdec8e10044",
            "sensitive_content": null,
            "source": null
          },
          "sensitive_attributes": [
            [
              {
                "type": "get_attr",
                "value": "content"
              }
            ]
          ],
          "private": "bnVsbA==",
          "dependencies": [
            "azurerm_resource_group.resourcegroup",
            "module.aks.azurerm_kubernetes_cluster.aks"
          ]
        }
      ]
    },
    {
      "module": "module.aks",
      "mode": "managed",
      "type": "null_resource",
      "name": "db_setup",
      "provider": "provider[\"registry.terraform.io/hashicorp/null\"]",
      "instances": [
        {
          "schema_version": 0,
          "attributes": {
            "id": "7207425368107987336",
            "triggers": null
          },
          "sensitive_attributes": [],
          "private": "bnVsbA==",
          "dependencies": [
            "azurerm_resource_group.resourcegroup",
            "module.aks.azurerm_postgresql_database.pg_db",
            "module.aks.azurerm_postgresql_server.example"
          ]
        }
      ]
    },
    {
      "module": "module.aks",
      "mode": "managed",
      "type": "null_resource",
      "name": "docker_push",
      "provider": "provider[\"registry.terraform.io/hashicorp/null\"]",
      "instances": [
        {
          "schema_version": 0,
          "attributes": {
            "id": "4312508532701201871",
            "triggers": null
          },
          "sensitive_attributes": [],
          "private": "bnVsbA==",
          "dependencies": [
            "azurerm_resource_group.resourcegroup",
            "module.aks.azurerm_container_registry.acr",
            "module.aks.docker_image.be",
            "module.aks.docker_image.fe"
          ]
        }
      ]
    },
    {
      "module": "module.ansible_tower",
      "mode": "managed",
      "type": "azurerm_linux_virtual_machine",
      "name": "tower_linux_vm",
      "provider": "provider[\"registry.terraform.io/hashicorp/azurerm\"]",
      "instances": [
        {
          "schema_version": 0,
          "attributes": {
            "additional_capabilities": [],
            "admin_password": "Phamngocsang113",
            "admin_ssh_key": [],
            "admin_username": "adminuser",
            "allow_extension_operations": true,
            "availability_set_id": "",
            "boot_diagnostics": [],
            "computer_name": "assign3-tower-ansible",
            "custom_data": null,
            "dedicated_host_group_id": "",
            "dedicated_host_id": "",
            "disable_password_authentication": false,
            "encryption_at_host_enabled": false,
            "eviction_policy": "",
            "extensions_time_budget": "PT1H30M",
            "id": "/subscriptions/fd8dcb18-c31c-4552-849e-ad4c0c595e2a/resourceGroups/tower_rg/providers/Microsoft.Compute/virtualMachines/assign3-tower-ansible",
            "identity": [],
            "license_type": "",
            "location": "australiaeast",
            "max_bid_price": -1,
            "name": "assign3-tower-ansible",
            "network_interface_ids": [
              "/subscriptions/fd8dcb18-c31c-4552-849e-ad4c0c595e2a/resourceGroups/tower_rg/providers/Microsoft.Network/networkInterfaces/assig3vm-nic"
            ],
            "os_disk": [
              {
                "caching": "ReadWrite",
                "diff_disk_settings": [],
                "disk_encryption_set_id": "",
                "disk_size_gb": 30,
                "name": "assign3-tower-ansible_OsDisk_1_e97fdf5f77914a73b55e84684a43b5ad",
                "storage_account_type": "Standard_LRS",
                "write_accelerator_enabled": false
              }
            ],
            "patch_mode": "ImageDefault",
            "plan": [],
            "platform_fault_domain": -1,
            "priority": "Regular",
            "private_ip_address": "10.0.0.4",
            "private_ip_addresses": [
              "10.0.0.4"
            ],
            "provision_vm_agent": true,
            "proximity_placement_group_id": "",
            "public_ip_address": "20.92.105.95",
            "public_ip_addresses": [
              "20.92.105.95"
            ],
            "resource_group_name": "tower_rg",
            "secret": [],
            "secure_boot_enabled": false,
            "size": "Standard_B2ms",
            "source_image_id": "",
            "source_image_reference": [
              {
                "offer": "CentOS",
                "publisher": "OpenLogic",
                "sku": "8_5-gen2",
                "version": "latest"
              }
            ],
            "tags": {},
            "timeouts": null,
            "user_data": "",
            "virtual_machine_id": "09a0c6e1-2d1b-4a1f-a2a6-92b2b3a8e60d",
            "virtual_machine_scale_set_id": "",
            "vtpm_enabled": false,
            "zone": ""
          },
          "sensitive_attributes": [],
          "private": "eyJlMmJmYjczMC1lY2FhLTExZTYtOGY4OC0zNDM2M2JjN2M0YzAiOnsiY3JlYXRlIjoyNzAwMDAwMDAwMDAwLCJkZWxldGUiOjI3MDAwMDAwMDAwMDAsInJlYWQiOjMwMDAwMDAwMDAwMCwidXBkYXRlIjoyNzAwMDAwMDAwMDAwfX0=",
          "dependencies": [
            "module.ansible_tower.azurerm_network_interface.nic",
            "module.ansible_tower.azurerm_public_ip.publicip",
            "module.ansible_tower.azurerm_resource_group.resourcegroup",
            "module.ansible_tower.azurerm_subnet.azsubnet",
            "module.ansible_tower.azurerm_virtual_network.azvnet"
          ]
        }
      ]
    },
    {
      "module": "module.ansible_tower",
      "mode": "managed",
      "type": "azurerm_network_interface",
      "name": "nic",
      "provider": "provider[\"registry.terraform.io/hashicorp/azurerm\"]",
      "instances": [
        {
          "schema_version": 0,
          "attributes": {
            "applied_dns_servers": [],
            "dns_servers": [],
            "enable_accelerated_networking": false,
            "enable_ip_forwarding": false,
            "id": "/subscriptions/fd8dcb18-c31c-4552-849e-ad4c0c595e2a/resourceGroups/tower_rg/providers/Microsoft.Network/networkInterfaces/assig3vm-nic",
            "internal_dns_name_label": "",
            "internal_domain_name_suffix": "ntl54ourwjcuhbmudpkqgaj5oc.px.internal.cloudapp.net",
            "ip_configuration": [
              {
                "gateway_load_balancer_frontend_ip_configuration_id": "",
                "name": "config_ip",
                "primary": true,
                "private_ip_address": "10.0.0.4",
                "private_ip_address_allocation": "Dynamic",
                "private_ip_address_version": "IPv4",
                "public_ip_address_id": "/subscriptions/fd8dcb18-c31c-4552-849e-ad4c0c595e2a/resourceGroups/tower_rg/providers/Microsoft.Network/publicIPAddresses/assign3-publicip",
                "subnet_id": "/subscriptions/fd8dcb18-c31c-4552-849e-ad4c0c595e2a/resourceGroups/tower_rg/providers/Microsoft.Network/virtualNetworks/assign3-vnet/subnets/assign3-subnet"
              }
            ],
            "location": "australiaeast",
            "mac_address": "00-22-48-92-82-2B",
            "name": "assig3vm-nic",
            "private_ip_address": "10.0.0.4",
            "private_ip_addresses": [
              "10.0.0.4"
            ],
            "resource_group_name": "tower_rg",
            "tags": {},
            "timeouts": null,
            "virtual_machine_id": "/subscriptions/fd8dcb18-c31c-4552-849e-ad4c0c595e2a/resourceGroups/tower_rg/providers/Microsoft.Compute/virtualMachines/assign3-tower-ansible"
          },
          "sensitive_attributes": [],
          "private": "eyJlMmJmYjczMC1lY2FhLTExZTYtOGY4OC0zNDM2M2JjN2M0YzAiOnsiY3JlYXRlIjoxODAwMDAwMDAwMDAwLCJkZWxldGUiOjE4MDAwMDAwMDAwMDAsInJlYWQiOjMwMDAwMDAwMDAwMCwidXBkYXRlIjoxODAwMDAwMDAwMDAwfX0=",
          "dependencies": [
            "module.ansible_tower.azurerm_public_ip.publicip",
            "module.ansible_tower.azurerm_resource_group.resourcegroup",
            "module.ansible_tower.azurerm_subnet.azsubnet",
            "module.ansible_tower.azurerm_virtual_network.azvnet"
          ]
        }
      ]
    },
    {
      "module": "module.ansible_tower",
      "mode": "managed",
      "type": "azurerm_public_ip",
      "name": "publicip",
      "provider": "provider[\"registry.terraform.io/hashicorp/azurerm\"]",
      "instances": [
        {
          "schema_version": 0,
          "attributes": {
            "allocation_method": "Static",
            "availability_zone": "No-Zone",
            "domain_name_label": null,
            "fqdn": null,
            "id": "/subscriptions/fd8dcb18-c31c-4552-849e-ad4c0c595e2a/resourceGroups/tower_rg/providers/Microsoft.Network/publicIPAddresses/assign3-publicip",
            "idle_timeout_in_minutes": 4,
            "ip_address": "20.92.105.95",
            "ip_tags": {},
            "ip_version": "IPv4",
            "location": "australiaeast",
            "name": "assign3-publicip",
            "public_ip_prefix_id": null,
            "resource_group_name": "tower_rg",
            "reverse_fqdn": null,
            "sku": "Basic",
            "sku_tier": "Regional",
            "tags": {},
            "timeouts": null,
            "zones": []
          },
          "sensitive_attributes": [],
          "private": "eyJlMmJmYjczMC1lY2FhLTExZTYtOGY4OC0zNDM2M2JjN2M0YzAiOnsiY3JlYXRlIjoxODAwMDAwMDAwMDAwLCJkZWxldGUiOjE4MDAwMDAwMDAwMDAsInJlYWQiOjMwMDAwMDAwMDAwMCwidXBkYXRlIjoxODAwMDAwMDAwMDAwfX0=",
          "dependencies": [
            "module.ansible_tower.azurerm_resource_group.resourcegroup"
          ]
        }
      ]
    },
    {
      "module": "module.ansible_tower",
      "mode": "managed",
      "type": "azurerm_resource_group",
      "name": "resourcegroup",
      "provider": "provider[\"registry.terraform.io/hashicorp/azurerm\"]",
      "instances": [
        {
          "schema_version": 0,
          "attributes": {
            "id": "/subscriptions/fd8dcb18-c31c-4552-849e-ad4c0c595e2a/resourceGroups/tower_rg",
            "location": "australiaeast",
            "name": "tower_rg",
            "tags": {},
            "timeouts": null
          },
          "sensitive_attributes": [],
          "private": "eyJlMmJmYjczMC1lY2FhLTExZTYtOGY4OC0zNDM2M2JjN2M0YzAiOnsiY3JlYXRlIjo1NDAwMDAwMDAwMDAwLCJkZWxldGUiOjU0MDAwMDAwMDAwMDAsInJlYWQiOjMwMDAwMDAwMDAwMCwidXBkYXRlIjo1NDAwMDAwMDAwMDAwfX0="
        }
      ]
    },
    {
      "module": "module.ansible_tower",
      "mode": "managed",
      "type": "azurerm_subnet",
      "name": "azsubnet",
      "provider": "provider[\"registry.terraform.io/hashicorp/azurerm\"]",
      "instances": [
        {
          "schema_version": 0,
          "attributes": {
            "address_prefix": "10.0.0.0/24",
            "address_prefixes": [
              "10.0.0.0/24"
            ],
            "delegation": [],
            "enforce_private_link_endpoint_network_policies": false,
            "enforce_private_link_service_network_policies": false,
            "id": "/subscriptions/fd8dcb18-c31c-4552-849e-ad4c0c595e2a/resourceGroups/tower_rg/providers/Microsoft.Network/virtualNetworks/assign3-vnet/subnets/assign3-subnet",
            "name": "assign3-subnet",
            "resource_group_name": "tower_rg",
            "service_endpoint_policy_ids": [],
            "service_endpoints": [],
            "timeouts": null,
            "virtual_network_name": "assign3-vnet"
          },
          "sensitive_attributes": [],
          "private": "eyJlMmJmYjczMC1lY2FhLTExZTYtOGY4OC0zNDM2M2JjN2M0YzAiOnsiY3JlYXRlIjoxODAwMDAwMDAwMDAwLCJkZWxldGUiOjE4MDAwMDAwMDAwMDAsInJlYWQiOjMwMDAwMDAwMDAwMCwidXBkYXRlIjoxODAwMDAwMDAwMDAwfX0=",
          "dependencies": [
            "module.ansible_tower.azurerm_resource_group.resourcegroup",
            "module.ansible_tower.azurerm_virtual_network.azvnet"
          ]
        }
      ]
    },
    {
      "module": "module.ansible_tower",
      "mode": "managed",
      "type": "azurerm_virtual_network",
      "name": "azvnet",
      "provider": "provider[\"registry.terraform.io/hashicorp/azurerm\"]",
      "instances": [
        {
          "schema_version": 0,
          "attributes": {
            "address_space": [
              "10.0.0.0/16"
            ],
            "bgp_community": "",
            "ddos_protection_plan": [],
            "dns_servers": [],
            "flow_timeout_in_minutes": 0,
            "guid": "3affd76c-b291-4345-8594-1bd503013f72",
            "id": "/subscriptions/fd8dcb18-c31c-4552-849e-ad4c0c595e2a/resourceGroups/tower_rg/providers/Microsoft.Network/virtualNetworks/assign3-vnet",
            "location": "australiaeast",
            "name": "assign3-vnet",
            "resource_group_name": "tower_rg",
            "subnet": [
              {
                "address_prefix": "10.0.0.0/24",
                "id": "/subscriptions/fd8dcb18-c31c-4552-849e-ad4c0c595e2a/resourceGroups/tower_rg/providers/Microsoft.Network/virtualNetworks/assign3-vnet/subnets/assign3-subnet",
                "name": "assign3-subnet",
                "security_group": ""
              }
            ],
            "tags": {},
            "timeouts": null,
            "vm_protection_enabled": false
          },
          "sensitive_attributes": [],
          "private": "eyJlMmJmYjczMC1lY2FhLTExZTYtOGY4OC0zNDM2M2JjN2M0YzAiOnsiY3JlYXRlIjoxODAwMDAwMDAwMDAwLCJkZWxldGUiOjE4MDAwMDAwMDAwMDAsInJlYWQiOjMwMDAwMDAwMDAwMCwidXBkYXRlIjoxODAwMDAwMDAwMDAwfX0=",
          "dependencies": [
            "module.ansible_tower.azurerm_resource_group.resourcegroup"
          ]
        }
      ]
    },
    {
      "module": "module.ansible_tower",
      "mode": "managed",
      "type": "null_resource",
      "name": "install_tower",
      "provider": "provider[\"registry.terraform.io/hashicorp/null\"]",
      "instances": [
        {
          "schema_version": 0,
          "attributes": {
            "id": "8692512697909266484",
            "triggers": null
          },
          "sensitive_attributes": [],
          "private": "bnVsbA==",
          "dependencies": [
            "module.ansible_tower.azurerm_linux_virtual_machine.tower_linux_vm",
            "module.ansible_tower.azurerm_network_interface.nic",
            "module.ansible_tower.azurerm_public_ip.publicip",
            "module.ansible_tower.azurerm_resource_group.resourcegroup",
            "module.ansible_tower.azurerm_subnet.azsubnet",
            "module.ansible_tower.azurerm_virtual_network.azvnet"
          ]
        }
      ]
    },
    {
      "module": "module.gitlab-jenkins",
      "mode": "managed",
      "type": "azurerm_linux_virtual_machine",
      "name": "gitlab_linux_vm",
      "provider": "provider[\"registry.terraform.io/hashicorp/azurerm\"]",
      "instances": [
        {
          "schema_version": 0,
          "attributes": {
            "additional_capabilities": [],
            "admin_password": "Phamngocsang113",
            "admin_ssh_key": [],
            "admin_username": "adminuser",
            "allow_extension_operations": true,
            "availability_set_id": "",
            "boot_diagnostics": [],
            "computer_name": "assign3-gitlab-appgw-jenkins",
            "custom_data": null,
            "dedicated_host_group_id": "",
            "dedicated_host_id": "",
            "disable_password_authentication": false,
            "encryption_at_host_enabled": false,
            "eviction_policy": "",
            "extensions_time_budget": "PT1H30M",
            "id": "/subscriptions/fd8dcb18-c31c-4552-849e-ad4c0c595e2a/resourceGroups/gitlab-jenkins-resourcename/providers/Microsoft.Compute/virtualMachines/assign3-gitlab-appgw-jenkins",
            "identity": [],
            "license_type": "",
            "location": "japaneast",
            "max_bid_price": -1,
            "name": "assign3-gitlab-appgw-jenkins",
            "network_interface_ids": [
              "/subscriptions/fd8dcb18-c31c-4552-849e-ad4c0c595e2a/resourceGroups/gitlab-jenkins-resourcename/providers/Microsoft.Network/networkInterfaces/jenkins_gitlab_appgw-nic"
            ],
            "os_disk": [
              {
                "caching": "ReadWrite",
                "diff_disk_settings": [],
                "disk_encryption_set_id": "",
                "disk_size_gb": 30,
                "name": "assign3-gitlab-appgw-jenkins_disk1_5661f86d872c4f40816b1ceed1d6a2e1",
                "storage_account_type": "Standard_LRS",
                "write_accelerator_enabled": false
              }
            ],
            "patch_mode": "ImageDefault",
            "plan": [],
            "platform_fault_domain": -1,
            "priority": "Regular",
            "private_ip_address": "10.2.0.4",
            "private_ip_addresses": [
              "10.2.0.4"
            ],
            "provision_vm_agent": true,
            "proximity_placement_group_id": "",
            "public_ip_address": "20.89.96.35",
            "public_ip_addresses": [
              "20.89.96.35"
            ],
            "resource_group_name": "gitlab-jenkins-resourcename",
            "secret": [],
            "secure_boot_enabled": false,
            "size": "Standard_B4ms",
            "source_image_id": "",
            "source_image_reference": [
              {
                "offer": "UbuntuServer",
                "publisher": "Canonical",
                "sku": "18.04-LTS",
                "version": "latest"
              }
            ],
            "tags": null,
            "timeouts": null,
            "user_data": "",
            "virtual_machine_id": "98b24ff9-2853-4ec7-a6c2-81b763d35647",
            "virtual_machine_scale_set_id": "",
            "vtpm_enabled": false,
            "zone": ""
          },
          "sensitive_attributes": [],
          "private": "eyJlMmJmYjczMC1lY2FhLTExZTYtOGY4OC0zNDM2M2JjN2M0YzAiOnsiY3JlYXRlIjoyNzAwMDAwMDAwMDAwLCJkZWxldGUiOjI3MDAwMDAwMDAwMDAsInJlYWQiOjMwMDAwMDAwMDAwMCwidXBkYXRlIjoyNzAwMDAwMDAwMDAwfX0=",
          "dependencies": [
            "azurerm_resource_group.resourcegroup2",
            "module.gitlab-jenkins.azurerm_network_interface.jenkins_gitlab_appgw_nic",
            "module.gitlab-jenkins.azurerm_public_ip.jenkins_gitlab_appgw_publicip",
            "module.gitlab-jenkins.azurerm_subnet.jenkins_gitlab_appgw_subnet",
            "module.gitlab-jenkins.azurerm_virtual_network.jenkins_gitlab_appgw_vnet"
          ]
        }
      ]
    },
    {
      "module": "module.gitlab-jenkins",
      "mode": "managed",
      "type": "azurerm_network_interface",
      "name": "jenkins_gitlab_appgw_nic",
      "provider": "provider[\"registry.terraform.io/hashicorp/azurerm\"]",
      "instances": [
        {
          "schema_version": 0,
          "attributes": {
            "applied_dns_servers": [],
            "dns_servers": [],
            "enable_accelerated_networking": false,
            "enable_ip_forwarding": false,
            "id": "/subscriptions/fd8dcb18-c31c-4552-849e-ad4c0c595e2a/resourceGroups/gitlab-jenkins-resourcename/providers/Microsoft.Network/networkInterfaces/jenkins_gitlab_appgw-nic",
            "internal_dns_name_label": "",
            "internal_domain_name_suffix": "w05pxufp3ple3lefe2vret4yje.lx.internal.cloudapp.net",
            "ip_configuration": [
              {
                "gateway_load_balancer_frontend_ip_configuration_id": "",
                "name": "config_ip",
                "primary": true,
                "private_ip_address": "10.2.0.4",
                "private_ip_address_allocation": "Dynamic",
                "private_ip_address_version": "IPv4",
                "public_ip_address_id": "/subscriptions/fd8dcb18-c31c-4552-849e-ad4c0c595e2a/resourceGroups/gitlab-jenkins-resourcename/providers/Microsoft.Network/publicIPAddresses/jenkins_gitlab_appgw-publicip",
                "subnet_id": "/subscriptions/fd8dcb18-c31c-4552-849e-ad4c0c595e2a/resourceGroups/gitlab-jenkins-resourcename/providers/Microsoft.Network/virtualNetworks/jenkins_gitlab_appgw-vnet/subnets/jenkins_gitlab_appgw-subnet"
              }
            ],
            "location": "japaneast",
            "mac_address": "",
            "name": "jenkins_gitlab_appgw-nic",
            "private_ip_address": "10.2.0.4",
            "private_ip_addresses": [
              "10.2.0.4"
            ],
            "resource_group_name": "gitlab-jenkins-resourcename",
            "tags": null,
            "timeouts": null,
            "virtual_machine_id": ""
          },
          "sensitive_attributes": [],
          "private": "eyJlMmJmYjczMC1lY2FhLTExZTYtOGY4OC0zNDM2M2JjN2M0YzAiOnsiY3JlYXRlIjoxODAwMDAwMDAwMDAwLCJkZWxldGUiOjE4MDAwMDAwMDAwMDAsInJlYWQiOjMwMDAwMDAwMDAwMCwidXBkYXRlIjoxODAwMDAwMDAwMDAwfX0=",
          "dependencies": [
            "azurerm_resource_group.resourcegroup2",
            "module.gitlab-jenkins.azurerm_public_ip.jenkins_gitlab_appgw_publicip",
            "module.gitlab-jenkins.azurerm_subnet.jenkins_gitlab_appgw_subnet",
            "module.gitlab-jenkins.azurerm_virtual_network.jenkins_gitlab_appgw_vnet"
          ]
        }
      ]
    },
    {
      "module": "module.gitlab-jenkins",
      "mode": "managed",
      "type": "azurerm_public_ip",
      "name": "jenkins_gitlab_appgw_publicip",
      "provider": "provider[\"registry.terraform.io/hashicorp/azurerm\"]",
      "instances": [
        {
          "schema_version": 0,
          "attributes": {
            "allocation_method": "Static",
            "availability_zone": "No-Zone",
            "domain_name_label": null,
            "fqdn": null,
            "id": "/subscriptions/fd8dcb18-c31c-4552-849e-ad4c0c595e2a/resourceGroups/gitlab-jenkins-resourcename/providers/Microsoft.Network/publicIPAddresses/jenkins_gitlab_appgw-publicip",
            "idle_timeout_in_minutes": 4,
            "ip_address": "20.89.96.35",
            "ip_tags": null,
            "ip_version": "IPv4",
            "location": "japaneast",
            "name": "jenkins_gitlab_appgw-publicip",
            "public_ip_prefix_id": null,
            "resource_group_name": "gitlab-jenkins-resourcename",
            "reverse_fqdn": null,
            "sku": "Basic",
            "sku_tier": "Regional",
            "tags": null,
            "timeouts": null,
            "zones": []
          },
          "sensitive_attributes": [],
          "private": "eyJlMmJmYjczMC1lY2FhLTExZTYtOGY4OC0zNDM2M2JjN2M0YzAiOnsiY3JlYXRlIjoxODAwMDAwMDAwMDAwLCJkZWxldGUiOjE4MDAwMDAwMDAwMDAsInJlYWQiOjMwMDAwMDAwMDAwMCwidXBkYXRlIjoxODAwMDAwMDAwMDAwfX0=",
          "dependencies": [
            "azurerm_resource_group.resourcegroup2"
          ]
        }
      ]
    },
    {
      "module": "module.gitlab-jenkins",
      "mode": "managed",
      "type": "azurerm_subnet",
      "name": "jenkins_gitlab_appgw_subnet",
      "provider": "provider[\"registry.terraform.io/hashicorp/azurerm\"]",
      "instances": [
        {
          "schema_version": 0,
          "attributes": {
            "address_prefix": "10.2.0.0/24",
            "address_prefixes": [
              "10.2.0.0/24"
            ],
            "delegation": [],
            "enforce_private_link_endpoint_network_policies": false,
            "enforce_private_link_service_network_policies": false,
            "id": "/subscriptions/fd8dcb18-c31c-4552-849e-ad4c0c595e2a/resourceGroups/gitlab-jenkins-resourcename/providers/Microsoft.Network/virtualNetworks/jenkins_gitlab_appgw-vnet/subnets/jenkins_gitlab_appgw-subnet",
            "name": "jenkins_gitlab_appgw-subnet",
            "resource_group_name": "gitlab-jenkins-resourcename",
            "service_endpoint_policy_ids": null,
            "service_endpoints": null,
            "timeouts": null,
            "virtual_network_name": "jenkins_gitlab_appgw-vnet"
          },
          "sensitive_attributes": [],
          "private": "eyJlMmJmYjczMC1lY2FhLTExZTYtOGY4OC0zNDM2M2JjN2M0YzAiOnsiY3JlYXRlIjoxODAwMDAwMDAwMDAwLCJkZWxldGUiOjE4MDAwMDAwMDAwMDAsInJlYWQiOjMwMDAwMDAwMDAwMCwidXBkYXRlIjoxODAwMDAwMDAwMDAwfX0=",
          "dependencies": [
            "azurerm_resource_group.resourcegroup2",
            "module.gitlab-jenkins.azurerm_virtual_network.jenkins_gitlab_appgw_vnet"
          ]
        }
      ]
    },
    {
      "module": "module.gitlab-jenkins",
      "mode": "managed",
      "type": "azurerm_virtual_network",
      "name": "jenkins_gitlab_appgw_vnet",
      "provider": "provider[\"registry.terraform.io/hashicorp/azurerm\"]",
      "instances": [
        {
          "schema_version": 0,
          "attributes": {
            "address_space": [
              "10.2.0.0/16"
            ],
            "bgp_community": "",
            "ddos_protection_plan": [],
            "dns_servers": [],
            "flow_timeout_in_minutes": 0,
            "guid": "d0fbbeb6-ebaf-4ed6-ac85-272b124fd84c",
            "id": "/subscriptions/fd8dcb18-c31c-4552-849e-ad4c0c595e2a/resourceGroups/gitlab-jenkins-resourcename/providers/Microsoft.Network/virtualNetworks/jenkins_gitlab_appgw-vnet",
            "location": "japaneast",
            "name": "jenkins_gitlab_appgw-vnet",
            "resource_group_name": "gitlab-jenkins-resourcename",
            "subnet": [],
            "tags": null,
            "timeouts": null,
            "vm_protection_enabled": false
          },
          "sensitive_attributes": [],
          "private": "eyJlMmJmYjczMC1lY2FhLTExZTYtOGY4OC0zNDM2M2JjN2M0YzAiOnsiY3JlYXRlIjoxODAwMDAwMDAwMDAwLCJkZWxldGUiOjE4MDAwMDAwMDAwMDAsInJlYWQiOjMwMDAwMDAwMDAwMCwidXBkYXRlIjoxODAwMDAwMDAwMDAwfX0=",
          "dependencies": [
            "azurerm_resource_group.resourcegroup2"
          ]
        }
      ]
    }
  ]
}
